
Microsoft Visual Studio Solution File, Format Version 12.00
# Visual Studio Version 16
VisualStudioVersion = 16.0.29806.167
MinimumVisualStudioVersion = 10.0.40219.1
Project("{9A19103F-16F7-4668-BE54-9A1E7A4F7556}") = "ConsoleApp1", "ConsoleApp1\ConsoleApp1.csproj", "{D7500BE1-A59C-4357-B7AC-D278B99B6635}"
EndProject
Project("{9A19103F-16F7-4668-BE54-9A1E7A4F7556}") = "20201011AtCoderRegularContest105", "20201011AtCoderRegularContest105\20201011AtCoderRegularContest105.csproj", "{BCD251F5-B6B2-45C1-A0D9-28BCE3BD391B}"
EndProject
Project("{9A19103F-16F7-4668-BE54-9A1E7A4F7556}") = "AtCorderBeginnerContest006C", "AtCorderBeginnerContest006C\AtCorderBeginnerContest006C.csproj", "{258860BF-6273-4366-8145-FB82E7C8618F}"
EndProject
Project("{9A19103F-16F7-4668-BE54-9A1E7A4F7556}") = "AGC048", "AGC048\AGC048.csproj", "{C3A5D395-858B-4CB5-99F7-CE18792A5C8C}"
EndProject
Project("{9A19103F-16F7-4668-BE54-9A1E7A4F7556}") = "ABC040", "ABC040\ABC040.csproj", "{BC0A1154-C74B-4D93-9409-EFB9164EF0A2}"
EndProject
Project("{9A19103F-16F7-4668-BE54-9A1E7A4F7556}") = "ABC054C", "ABC054C\ABC054C.csproj", "{1B176EF6-FF7B-4250-928B-C6CA1550FD77}"
EndProject
Project("{9A19103F-16F7-4668-BE54-9A1E7A4F7556}") = "ARC106", "ARC106\ARC106.csproj", "{C2A40D4A-F227-478F-A6E8-E71653812DFF}"
EndProject
Project("{9A19103F-16F7-4668-BE54-9A1E7A4F7556}") = "ABC070C", "ABC070C\ABC070C.csproj", "{91D7505D-9080-40EA-B289-E378C9A08A5C}"
EndProject
Project("{9A19103F-16F7-4668-BE54-9A1E7A4F7556}") = "ABC075C", "ABC075C\ABC075C.csproj", "{9059679F-93DC-477C-A369-A78D66B6FAA9}"
EndProject
Project("{9A19103F-16F7-4668-BE54-9A1E7A4F7556}") = "PAST202010A", "PAST202010A\PAST202010A.csproj", "{CE24BD45-EE5E-4328-B75C-1BCA5E614477}"
EndProject
Project("{9A19103F-16F7-4668-BE54-9A1E7A4F7556}") = "PAST202010B", "PAST202010B\PAST202010B.csproj", "{E9C21760-3351-4F2B-BF4E-9B1938FBABE3}"
EndProject
Project("{9A19103F-16F7-4668-BE54-9A1E7A4F7556}") = "PAST202010C", "PAST202010C\PAST202010C.csproj", "{6223464B-2C1D-4BB5-802B-E966D8E9CCF2}"
EndProject
Project("{9A19103F-16F7-4668-BE54-9A1E7A4F7556}") = "PAST202010D", "PAST202010D\PAST202010D.csproj", "{6543661B-4ECC-48D2-ADC0-4CEF57CBD934}"
EndProject
Project("{9A19103F-16F7-4668-BE54-9A1E7A4F7556}") = "PAST202010E", "PAST202010E\PAST202010E.csproj", "{01C7FA98-70BC-446B-8F2F-5D95F37DA1B1}"
EndProject
Project("{9A19103F-16F7-4668-BE54-9A1E7A4F7556}") = "PAST202010F", "PAST202010F\PAST202010F.csproj", "{36BECFA6-5782-4622-AF06-7388FBD12CE4}"
EndProject
Project("{9A19103F-16F7-4668-BE54-9A1E7A4F7556}") = "PAST202010G", "PAST202010G\PAST202010G.csproj", "{44093764-032A-43E4-B96F-FC3B03F34DB8}"
EndProject
Project("{9A19103F-16F7-4668-BE54-9A1E7A4F7556}") = "PAST202010H", "PAST202010H\PAST202010H.csproj", "{BADE0106-0583-4654-8E26-06B69F163AB9}"
EndProject
Project("{9A19103F-16F7-4668-BE54-9A1E7A4F7556}") = "PAST202010I", "PAST202010I\PAST202010I.csproj", "{C6A7292E-BEDD-450D-9FAC-F824C41C47A4}"
EndProject
Project("{9A19103F-16F7-4668-BE54-9A1E7A4F7556}") = "arc107b", "arc107b\arc107b.csproj", "{7477CBDD-F15E-406E-8F2F-B050B7A57586}"
EndProject
Project("{9A19103F-16F7-4668-BE54-9A1E7A4F7556}") = "abc181a", "abc181a\abc181a.csproj", "{760CBA21-E1F0-47F0-81BB-FBAC798FA1B5}"
EndProject
Project("{9A19103F-16F7-4668-BE54-9A1E7A4F7556}") = "abc181b", "abc181b\abc181b.csproj", "{774B8CFD-76C9-4035-BBF1-D16565EB0CAE}"
EndProject
Project("{9A19103F-16F7-4668-BE54-9A1E7A4F7556}") = "abc181c", "abc181c\abc181c.csproj", "{8E59F5D0-59AF-4A38-9159-931BD90D79CF}"
EndProject
Project("{9A19103F-16F7-4668-BE54-9A1E7A4F7556}") = "abc181d", "abc181d\abc181d.csproj", "{B6C29F2F-AC42-43A5-9FAD-5CDE0908C425}"
EndProject
Project("{9A19103F-16F7-4668-BE54-9A1E7A4F7556}") = "abc181e", "abc181e\abc181e.csproj", "{DE180A6C-38A3-4208-8C2D-2C1B16EFE373}"
EndProject
Project("{9A19103F-16F7-4668-BE54-9A1E7A4F7556}") = "arc091d", "arc091d\arc091d.csproj", "{295905FD-8ED5-4EF5-BFDC-5AC9E77E1417}"
EndProject
Project("{9A19103F-16F7-4668-BE54-9A1E7A4F7556}") = "arc069b", "arc069b\arc069b.csproj", "{C46E4791-1A89-45A4-979D-33345330F475}"
EndProject
Project("{9A19103F-16F7-4668-BE54-9A1E7A4F7556}") = "arc072b", "arc072\arc072b.csproj", "{FC6E5280-F520-4D25-AC6C-19810619A57C}"
EndProject
Project("{9A19103F-16F7-4668-BE54-9A1E7A4F7556}") = "arc078b", "arc078b\arc078b.csproj", "{C9880900-3E5B-436E-935C-87D7CA4E8133}"
EndProject
Project("{9A19103F-16F7-4668-BE54-9A1E7A4F7556}") = "abc073d", "abc073d\abc073d.csproj", "{3FA81E8F-2712-4B95-8F88-26FA0A08C7FB}"
EndProject
Project("{9A19103F-16F7-4668-BE54-9A1E7A4F7556}") = "arc089a", "arc089a\arc089a.csproj", "{2F947268-A3B2-47AA-A416-575984E11DA2}"
EndProject
Project("{9A19103F-16F7-4668-BE54-9A1E7A4F7556}") = "arc065a", "arc065a\arc065a.csproj", "{E13DAF6C-AD0E-49F9-8EB8-1784052204D7}"
EndProject
Project("{9A19103F-16F7-4668-BE54-9A1E7A4F7556}") = "abc088d", "abc088d\abc088d.csproj", "{68D1EFAD-9F15-45CB-B475-5F93927DDD3B}"
EndProject
Project("{9A19103F-16F7-4668-BE54-9A1E7A4F7556}") = "abc85d", "abc85d\abc85d.csproj", "{198EB5F4-B2B2-4F03-B268-1E6F9FB8720A}"
EndProject
Project("{9A19103F-16F7-4668-BE54-9A1E7A4F7556}") = "arc085b", "arc085b\arc085b.csproj", "{467FD7F8-5663-4312-A00F-15F9F7822D40}"
EndProject
Project("{9A19103F-16F7-4668-BE54-9A1E7A4F7556}") = "abc106b", "abc106b\abc106b.csproj", "{0EF8F70C-FD27-45F7-8658-CD44EAB9253E}"
EndProject
Project("{9A19103F-16F7-4668-BE54-9A1E7A4F7556}") = "abc122b", "abc122b\abc122b.csproj", "{D93478CF-7534-4B4D-8839-939E58B39BC9}"
EndProject
Project("{9A19103F-16F7-4668-BE54-9A1E7A4F7556}") = "pakencamp2019day3c", "pakencamp2019day3c\pakencamp2019day3c.csproj", "{AFE9EA82-7560-4344-A751-49B0BC7B7939}"
EndProject
Project("{9A19103F-16F7-4668-BE54-9A1E7A4F7556}") = "arc096a", "arc096a\arc096a.csproj", "{BD407ED7-B4F0-4213-AD5E-460C429B16C3}"
EndProject
Project("{9A19103F-16F7-4668-BE54-9A1E7A4F7556}") = "submitb2019d", "submitb2019d\submitb2019d.csproj", "{B3D18579-5A0C-4309-9E3D-487C867F45AA}"
EndProject
Project("{9A19103F-16F7-4668-BE54-9A1E7A4F7556}") = "2007-ho-prob_and_sol", "2007-ho-prob_and_sol\2007-ho-prob_and_sol.csproj", "{A955C565-7DB4-40B3-B0AB-935413C56B9A}"
EndProject
Project("{9A19103F-16F7-4668-BE54-9A1E7A4F7556}") = "abc182a", "abc182a\abc182a.csproj", "{467EB625-5192-487A-987D-BFD056DD6877}"
EndProject
Project("{9A19103F-16F7-4668-BE54-9A1E7A4F7556}") = "abc182b", "abc182b\abc182b.csproj", "{C38A4A96-D96E-46A5-B828-AD7DD1848500}"
EndProject
Project("{9A19103F-16F7-4668-BE54-9A1E7A4F7556}") = "abc182c", "abc182c\abc182c.csproj", "{B0C21746-7CD1-4247-A661-FB187D073869}"
EndProject
Project("{9A19103F-16F7-4668-BE54-9A1E7A4F7556}") = "abc182d", "abc182d\abc182d.csproj", "{F7A01330-0DE2-4B1C-B992-72D6E5C7D7AD}"
EndProject
Project("{9A19103F-16F7-4668-BE54-9A1E7A4F7556}") = "s8pc_6_b", "s8pc_6_b\s8pc_6_b.csproj", "{0DCEE006-2C52-4303-8948-1D604F00A8FA}"
EndProject
Project("{9A19103F-16F7-4668-BE54-9A1E7A4F7556}") = "joi2008yo_d", "joi2008yo_d\joi2008yo_d.csproj", "{64C577AA-539E-40C1-9FAB-85A0E3A7AD9D}"
EndProject
Project("{9A19103F-16F7-4668-BE54-9A1E7A4F7556}") = "abc061a", "abc061a\abc061a.csproj", "{2915054D-FEC1-4BE6-BD93-AEE078039AAA}"
EndProject
Project("{9A19103F-16F7-4668-BE54-9A1E7A4F7556}") = "abc128c", "abc128c\abc128c.csproj", "{0EED9267-4335-402E-AE91-0B2CCF070982}"
EndProject
Project("{9A19103F-16F7-4668-BE54-9A1E7A4F7556}") = "abc002d", "abc002d\abc002d.csproj", "{0C86FE95-8EF1-4C72-A50B-FAD4416D6596}"
EndProject
Project("{9A19103F-16F7-4668-BE54-9A1E7A4F7556}") = "abc180d", "abc180d\abc180d.csproj", "{6B94F71B-90CE-4B1B-B3F9-0655A5C901A0}"
EndProject
Project("{9A19103F-16F7-4668-BE54-9A1E7A4F7556}") = "abc145c", "abc145c\abc145c.csproj", "{F4278ACF-6BD8-4AB6-A226-E7ABD3508F3B}"
EndProject
Project("{9A19103F-16F7-4668-BE54-9A1E7A4F7556}") = "abc150c", "abc150c\abc150c.csproj", "{1CEFB578-B49D-4AE6-A16F-BCBB1DED55A2}"
EndProject
Project("{9A19103F-16F7-4668-BE54-9A1E7A4F7556}") = "joi2009ho_b", "joi2009ho_b\joi2009ho_b.csproj", "{3C5B3B09-E7B6-427A-9A71-AB99AFBC7D3B}"
EndProject
Project("{9A19103F-16F7-4668-BE54-9A1E7A4F7556}") = "arc084a", "arc084a\arc084a.csproj", "{650BC547-8754-4AAB-8EC0-F18727AF4B3E}"
EndProject
Project("{9A19103F-16F7-4668-BE54-9A1E7A4F7556}") = "abc138d", "abc138d\abc138d.csproj", "{DDAE6B5F-2E01-4454-A729-8573F6F615D6}"
EndProject
Project("{9A19103F-16F7-4668-BE54-9A1E7A4F7556}") = "abc023d", "abc023d\abc023d.csproj", "{C39ECD0D-5E67-49F8-BA32-F8AA15D87879}"
EndProject
Project("{9A19103F-16F7-4668-BE54-9A1E7A4F7556}") = "abc007c", "abc007c\abc007c.csproj", "{3D0CF234-AA99-48E2-A568-D959DDA4FA9F}"
EndProject
Project("{9A19103F-16F7-4668-BE54-9A1E7A4F7556}") = "agc049a", "agc049a\agc049a.csproj", "{1567A7C7-F0E1-4550-86F4-6660803C4767}"
EndProject
Project("{9A19103F-16F7-4668-BE54-9A1E7A4F7556}") = "abc183c", "abc183c\abc183c.csproj", "{B47121A0-AA25-4B61-AB9A-F761AD3A8359}"
EndProject
Project("{9A19103F-16F7-4668-BE54-9A1E7A4F7556}") = "abc012d", "abc012d\abc012d.csproj", "{9C8542B3-4F7A-4209-8494-0BD680A4A545}"
EndProject
Project("{9A19103F-16F7-4668-BE54-9A1E7A4F7556}") = "abc079d", "abc079d\abc079d.csproj", "{E95DE86D-D7CE-48C5-A468-F656BFA0AF86}"
EndProject
Project("{9A19103F-16F7-4668-BE54-9A1E7A4F7556}") = "alds1_10_a", "alds1_10_a\alds1_10_a.csproj", "{60C27716-3600-4A9D-AA1E-7CE6F7D4458F}"
EndProject
Project("{9A19103F-16F7-4668-BE54-9A1E7A4F7556}") = "dpl_1_c", "dpl_1_c\dpl_1_c.csproj", "{066E8BAD-60E0-4DC4-874A-30EA8E8B73DD}"
EndProject
Project("{9A19103F-16F7-4668-BE54-9A1E7A4F7556}") = "arc108a", "arc108a\arc108a.csproj", "{037B5F68-5DAF-49F4-8156-6D0D7E31E1FB}"
EndProject
Project("{9A19103F-16F7-4668-BE54-9A1E7A4F7556}") = "arc108b", "arc108b\arc108b.csproj", "{124A0958-2A2B-47F4-9BC1-3232267550A7}"
EndProject
Project("{9A19103F-16F7-4668-BE54-9A1E7A4F7556}") = "abc175c", "abc175c\abc175c.csproj", "{205478EC-3B5A-432B-A887-F003B03EF1A3}"
EndProject
Project("{9A19103F-16F7-4668-BE54-9A1E7A4F7556}") = "abc160c", "abc160c\abc160c.csproj", "{F5C4C662-C6A3-4FC7-8809-C8F5510611E0}"
EndProject
Project("{9A19103F-16F7-4668-BE54-9A1E7A4F7556}") = "abc173c", "abc173c\abc173c.csproj", "{9CD02C2D-D41A-46B6-8A97-4DD159D562ED}"
EndProject
Project("{9A19103F-16F7-4668-BE54-9A1E7A4F7556}") = "agc003a", "agc003a\agc003a.csproj", "{2A976368-CCCC-4820-8762-2230169DCD9C}"
EndProject
Project("{9A19103F-16F7-4668-BE54-9A1E7A4F7556}") = "cf17_final_a", "cf17_final_a\cf17_final_a.csproj", "{00721317-5C6A-44A3-9489-F598BABE9FD7}"
EndProject
Project("{9A19103F-16F7-4668-BE54-9A1E7A4F7556}") = "abc170c", "abc170c\abc170c.csproj", "{364621FE-C671-4B2F-AA85-02DBF57D6FF6}"
EndProject
Project("{9A19103F-16F7-4668-BE54-9A1E7A4F7556}") = "abc171c", "abc171c\abc171c.csproj", "{35E8DD6F-4D47-4E24-A6AD-E5C51B496F5E}"
EndProject
Project("{9A19103F-16F7-4668-BE54-9A1E7A4F7556}") = "abc169c", "abc169c\abc169c.csproj", "{C3625D91-4586-4202-901F-A388DD61131A}"
EndProject
Project("{9A19103F-16F7-4668-BE54-9A1E7A4F7556}") = "abc168c", "abc168c\abc168c.csproj", "{F121E4CD-E47C-4975-97CD-7D6005C9B3FA}"
EndProject
Project("{9A19103F-16F7-4668-BE54-9A1E7A4F7556}") = "abc184a", "abc184a\abc184a.csproj", "{2015DC4D-B107-4560-A0BF-4212584C54AE}"
EndProject
Project("{9A19103F-16F7-4668-BE54-9A1E7A4F7556}") = "abc184b", "abc184b\abc184b.csproj", "{4D936D90-171B-4C7F-923B-82BE4ACAF7C3}"
EndProject
Project("{9A19103F-16F7-4668-BE54-9A1E7A4F7556}") = "abc184d", "abc184d\abc184d.csproj", "{46D219CF-FBDE-4AEF-AB97-06D076803B85}"
EndProject
Project("{9A19103F-16F7-4668-BE54-9A1E7A4F7556}") = "abc184c", "abc184c\abc184c.csproj", "{88E52B5D-C0A5-4F82-8FA4-8D016E4B97EF}"
EndProject
Project("{9A19103F-16F7-4668-BE54-9A1E7A4F7556}") = "abc118c", "abc118c\abc118c.csproj", "{D4D828C3-6AFA-4970-B91C-78534398BD4D}"
EndProject
Project("{9A19103F-16F7-4668-BE54-9A1E7A4F7556}") = "abc174c", "abc174c\abc174c.csproj", "{7CA8CC46-E41F-4A12-AAF7-9AFDB7EC34D8}"
EndProject
Project("{9A19103F-16F7-4668-BE54-9A1E7A4F7556}") = "abc167c", "abc167c\abc167c.csproj", "{FBED40ED-ECBA-47D3-9334-1C545AB2043E}"
EndProject
Project("{9A19103F-16F7-4668-BE54-9A1E7A4F7556}") = "abc164c", "abc164c\abc164c.csproj", "{F8D49465-9DCA-40EE-B76A-20278CFD8304}"
EndProject
Project("{9A19103F-16F7-4668-BE54-9A1E7A4F7556}") = "arc082b", "arc082b\arc082b.csproj", "{EF4277BD-3EEF-4116-96B6-269ADC9E7B20}"
EndProject
Project("{9A19103F-16F7-4668-BE54-9A1E7A4F7556}") = "abc123c", "abc123c\abc123c.csproj", "{A3B5C322-5A05-4763-B789-DA7DC46B3B0C}"
EndProject
Project("{9A19103F-16F7-4668-BE54-9A1E7A4F7556}") = "abc169b", "abc169b\abc169b.csproj", "{E9211F78-8F7B-402A-86C5-DA7E3B3343F7}"
EndProject
Project("{9A19103F-16F7-4668-BE54-9A1E7A4F7556}") = "hhkb2020c", "hhkb2020c\hhkb2020c.csproj", "{BDC549CE-901C-49EE-9AA4-26ABE0151087}"
EndProject
Project("{9A19103F-16F7-4668-BE54-9A1E7A4F7556}") = "abc128b", "abc128b\abc128b.csproj", "{EF92F300-66F2-4853-B2C9-E38F55E0AB05}"
EndProject
Project("{9A19103F-16F7-4668-BE54-9A1E7A4F7556}") = "abc172c", "abc172c\abc172c.csproj", "{BC2EDF5E-D579-4385-8B73-CB77E7AE09F1}"
EndProject
Project("{9A19103F-16F7-4668-BE54-9A1E7A4F7556}") = "abc034c", "abc034c\abc034c.csproj", "{8D8773EF-4307-4D8F-B736-8AAAD35B896B}"
EndProject
Project("{9A19103F-16F7-4668-BE54-9A1E7A4F7556}") = "abc166c", "abc166c\abc166c.csproj", "{AEB095A1-F0FC-4A44-AB1B-92C9640844C8}"
EndProject
Project("{9A19103F-16F7-4668-BE54-9A1E7A4F7556}") = "abc183d", "abc183d\abc183d.csproj", "{88CD6A0E-C0FF-44C6-9567-2BA822B9F739}"
EndProject
Project("{9A19103F-16F7-4668-BE54-9A1E7A4F7556}") = "arc109a", "arc109a\arc109a.csproj", "{5C9FA34B-8978-4240-AF4A-E3E2CA91AFCC}"
EndProject
Project("{9A19103F-16F7-4668-BE54-9A1E7A4F7556}") = "arc109b", "arc109b\arc109b.csproj", "{352D8E2B-8078-427D-A787-1166948AFC84}"
EndProject
Project("{9A19103F-16F7-4668-BE54-9A1E7A4F7556}") = "arc109c", "arc109c\arc109c.csproj", "{1006E6A1-501B-4A2C-BFB5-2B93A4A4EFC6}"
EndProject
Project("{9A19103F-16F7-4668-BE54-9A1E7A4F7556}") = "aoj0516", "aoj0516\aoj0516.csproj", "{C56390C9-107F-4F01-B906-DB15C7645C1D}"
EndProject
Project("{9A19103F-16F7-4668-BE54-9A1E7A4F7556}") = "abc084d", "abc084d\abc084d.csproj", "{6FE6530E-843F-494B-9D61-5C0DDF388911}"
EndProject
Project("{9A19103F-16F7-4668-BE54-9A1E7A4F7556}") = "abc163c", "abc163c\abc163c.csproj", "{49E795DA-3F14-4A46-86CA-4C84CB2780BE}"
EndProject
Project("{9A19103F-16F7-4668-BE54-9A1E7A4F7556}") = "abc162c", "abc162c\abc162c.csproj", "{00A45C09-AC99-41D3-B6C3-9E8A5FA8C7A3}"
EndProject
Project("{9A19103F-16F7-4668-BE54-9A1E7A4F7556}") = "abc005d", "abc005d\abc005d.csproj", "{28929AEC-F58D-4899-9A87-4609BD92A714}"
EndProject
Project("{9A19103F-16F7-4668-BE54-9A1E7A4F7556}") = "abc122c", "abc122c\abc122c.csproj", "{AC3D73B8-CF17-43F0-86CB-37EFD4950F61}"
EndProject
Project("{9A19103F-16F7-4668-BE54-9A1E7A4F7556}") = "abc057b", "abc057b\abc057b.csproj", "{DAC95E6D-0C30-49D7-B106-648B0F8B7F7E}"
EndProject
Project("{9A19103F-16F7-4668-BE54-9A1E7A4F7556}") = "arc086a", "arc086a\arc086a.csproj", "{4D979331-BEBD-4F63-99F8-7E9BC1E80F2A}"
EndProject
Project("{9A19103F-16F7-4668-BE54-9A1E7A4F7556}") = "abc130c", "abc130\abc130c.csproj", "{EFF3168F-D2DF-4B63-8A49-564FF9221547}"
EndProject
Project("{9A19103F-16F7-4668-BE54-9A1E7A4F7556}") = "abc129c", "abc129c\abc129c.csproj", "{4607F542-CA82-4DD1-AC5E-B0C0597D5931}"
EndProject
Project("{9A19103F-16F7-4668-BE54-9A1E7A4F7556}") = "abc126c", "abc126c\abc126c.csproj", "{AEF976F5-9223-4C68-84FB-3598726234C2}"
EndProject
Project("{9A19103F-16F7-4668-BE54-9A1E7A4F7556}") = "abc117c", "abc117c\abc117c.csproj", "{26E4AE96-9BA9-4665-AABE-6C67FC17237F}"
EndProject
Project("{9A19103F-16F7-4668-BE54-9A1E7A4F7556}") = "abc116c", "abc116c\abc116c.csproj", "{676A3C02-279E-4963-A83A-0F98F88886C5}"
EndProject
Project("{9A19103F-16F7-4668-BE54-9A1E7A4F7556}") = "abc106c", "abc106c\abc106c.csproj", "{CA4EC936-A61C-4F89-9472-91718341A225}"
EndProject
Project("{9A19103F-16F7-4668-BE54-9A1E7A4F7556}") = "abc109c", "abc109c\abc109c.csproj", "{9532029A-C85B-49BF-BE26-01891374151A}"
EndProject
Project("{9A19103F-16F7-4668-BE54-9A1E7A4F7556}") = "abc103c", "abc103c\abc103c.csproj", "{FD6735E8-CF8B-4B2B-BC3C-A1A327A365E9}"
EndProject
Project("{9A19103F-16F7-4668-BE54-9A1E7A4F7556}") = "arc110a", "arc110a\arc110a.csproj", "{129DFE4B-F982-42B3-812C-B9C4B24E2272}"
EndProject
Project("{9A19103F-16F7-4668-BE54-9A1E7A4F7556}") = "arc110b", "arc110b\arc110b.csproj", "{C78DDC08-767C-4802-8957-5B7F6F8F6370}"
EndProject
Project("{9A19103F-16F7-4668-BE54-9A1E7A4F7556}") = "arc110c", "arc110c\arc110c.csproj", "{72F21EC2-A507-4B02-89F9-CFE2E6DAC58D}"
EndProject
Project("{9A19103F-16F7-4668-BE54-9A1E7A4F7556}") = "abc165c", "abc165c\abc165c.csproj", "{623757C4-FE40-4083-AC6C-A8FDC46589FB}"
EndProject
Project("{9A19103F-16F7-4668-BE54-9A1E7A4F7556}") = "abc114c", "abc114c\abc114c.csproj", "{201D5A8E-1DF3-4FAA-BB77-B0944E7C1C9A}"
EndProject
Project("{9A19103F-16F7-4668-BE54-9A1E7A4F7556}") = "abc147c", "abc147c\abc147c.csproj", "{160A9ACC-3E7D-4568-ADDA-5BE53003C816}"
EndProject
Project("{9A19103F-16F7-4668-BE54-9A1E7A4F7556}") = "abc159c", "abc159c\abc159c.csproj", "{A3586589-F3DE-4AA7-B958-3AB2E4DDC2EB}"
EndProject
Project("{9A19103F-16F7-4668-BE54-9A1E7A4F7556}") = "abc158c", "abc158c\abc158c.csproj", "{E639105A-B3A7-4AF3-9F82-DFC401D6C3AD}"
EndProject
Project("{9A19103F-16F7-4668-BE54-9A1E7A4F7556}") = "abc185a", "abc185a\abc185a.csproj", "{16B8EFE5-DB0D-4181-B0D8-DC2FFA96FFC2}"
EndProject
Project("{9A19103F-16F7-4668-BE54-9A1E7A4F7556}") = "abc156c", "abc156c\abc156c.csproj", "{7A7E21B9-E489-4008-93CC-5BBE5CF575F4}"
EndProject
Project("{9A19103F-16F7-4668-BE54-9A1E7A4F7556}") = "abc155c", "abc155c\abc155c.csproj", "{B043EC22-C98E-440A-B8EB-EEFD8DD3D235}"
EndProject
Project("{9A19103F-16F7-4668-BE54-9A1E7A4F7556}") = "abc177d", "abc177d\abc177d.csproj", "{6B8216CA-19C1-4F0A-98EF-90A6ACA1CFA8}"
EndProject
Project("{9A19103F-16F7-4668-BE54-9A1E7A4F7556}") = "atc001b", "atc001b\atc001b.csproj", "{BBD6E2B7-8D9D-485A-88EF-1A3CC21135EE}"
EndProject
Project("{9A19103F-16F7-4668-BE54-9A1E7A4F7556}") = "abc154c", "abc154c\abc154c.csproj", "{1AF3EA93-4EC0-44F0-BC8F-EF7310FCACA8}"
EndProject
Project("{9A19103F-16F7-4668-BE54-9A1E7A4F7556}") = "abc153c", "abc153c\abc153c.csproj", "{02A84F83-09F2-45F1-8D89-A1BB6B39AC78}"
EndProject
Project("{9A19103F-16F7-4668-BE54-9A1E7A4F7556}") = "abc178d", "abc178d\abc178d.csproj", "{DFE98072-416C-4620-A561-DCDC67D915E8}"
EndProject
Project("{9A19103F-16F7-4668-BE54-9A1E7A4F7556}") = "abc092c", "abc092c\abc092c.csproj", "{B47243F6-54B1-4921-A87E-1CC7E3947061}"
EndProject
Project("{9A19103F-16F7-4668-BE54-9A1E7A4F7556}") = "abc152c", "abc152c\abc152c.csproj", "{C54F726C-7B02-4496-9C2B-F752D90AAFC1}"
EndProject
Project("{9A19103F-16F7-4668-BE54-9A1E7A4F7556}") = "abc151c", "abc151c\abc151c.csproj", "{92F39374-82C1-4BA7-8B05-65BDAEBC9942}"
EndProject
Project("{9A19103F-16F7-4668-BE54-9A1E7A4F7556}") = "abc149c", "abc149c\abc149c.csproj", "{5D81FB19-E438-406E-AE55-B21DCC8B7870}"
EndProject
Project("{9A19103F-16F7-4668-BE54-9A1E7A4F7556}") = "abc148c", "abc148c\abc148c.csproj", "{26B6CCD3-AC4A-4086-A521-B3B9BFB14190}"
EndProject
Project("{9A19103F-16F7-4668-BE54-9A1E7A4F7556}") = "abc132c", "abc132c\abc132c.csproj", "{F7B4DD96-F0A7-4E98-AEAB-8022FB3A1738}"
EndProject
Project("{9A19103F-16F7-4668-BE54-9A1E7A4F7556}") = "abc127c", "abc127c\abc127c.csproj", "{2814DCD8-B2CF-487F-818B-562F05C6502B}"
EndProject
Project("{9A19103F-16F7-4668-BE54-9A1E7A4F7556}") = "abc124c", "abc124c\abc124c.csproj", "{11D0A924-CA27-420E-93F7-F6461EAAB9B9}"
EndProject
Project("{9A19103F-16F7-4668-BE54-9A1E7A4F7556}") = "abc142c", "abc142c\abc142c.csproj", "{50752CD0-36CE-4E4D-96D5-EC843FB321DE}"
EndProject
Project("{9A19103F-16F7-4668-BE54-9A1E7A4F7556}") = "abc140c", "abc140c\abc140c.csproj", "{9100CD55-4CA9-46CE-94EC-335B406D87F3}"
EndProject
Project("{FAE04EC0-301F-11D3-BF4B-00C04F79EFBC}") = "abc185b", "abc185b\abc185b.csproj", "{0DBD9B27-916E-43A4-860A-0F26C63356E4}"
EndProject
Project("{FAE04EC0-301F-11D3-BF4B-00C04F79EFBC}") = "abc185c", "abc185c\abc185c.csproj", "{DF283A74-192C-4208-BD43-C9584AB0AFD2}"
EndProject
Project("{FAE04EC0-301F-11D3-BF4B-00C04F79EFBC}") = "abc185d", "abc185d\abc185d.csproj", "{9398F1B5-0B47-4575-A3BC-48AEEDEC73DC}"
EndProject
Global
	GlobalSection(SolutionConfigurationPlatforms) = preSolution
		Debug|Any CPU = Debug|Any CPU
		Release|Any CPU = Release|Any CPU
	EndGlobalSection
	GlobalSection(ProjectConfigurationPlatforms) = postSolution
		{D7500BE1-A59C-4357-B7AC-D278B99B6635}.Debug|Any CPU.ActiveCfg = Debug|Any CPU
		{D7500BE1-A59C-4357-B7AC-D278B99B6635}.Debug|Any CPU.Build.0 = Debug|Any CPU
		{D7500BE1-A59C-4357-B7AC-D278B99B6635}.Release|Any CPU.ActiveCfg = Release|Any CPU
		{D7500BE1-A59C-4357-B7AC-D278B99B6635}.Release|Any CPU.Build.0 = Release|Any CPU
		{BCD251F5-B6B2-45C1-A0D9-28BCE3BD391B}.Debug|Any CPU.ActiveCfg = Debug|Any CPU
		{BCD251F5-B6B2-45C1-A0D9-28BCE3BD391B}.Debug|Any CPU.Build.0 = Debug|Any CPU
		{BCD251F5-B6B2-45C1-A0D9-28BCE3BD391B}.Release|Any CPU.ActiveCfg = Release|Any CPU
		{BCD251F5-B6B2-45C1-A0D9-28BCE3BD391B}.Release|Any CPU.Build.0 = Release|Any CPU
		{258860BF-6273-4366-8145-FB82E7C8618F}.Debug|Any CPU.ActiveCfg = Debug|Any CPU
		{258860BF-6273-4366-8145-FB82E7C8618F}.Debug|Any CPU.Build.0 = Debug|Any CPU
		{258860BF-6273-4366-8145-FB82E7C8618F}.Release|Any CPU.ActiveCfg = Release|Any CPU
		{258860BF-6273-4366-8145-FB82E7C8618F}.Release|Any CPU.Build.0 = Release|Any CPU
		{C3A5D395-858B-4CB5-99F7-CE18792A5C8C}.Debug|Any CPU.ActiveCfg = Debug|Any CPU
		{C3A5D395-858B-4CB5-99F7-CE18792A5C8C}.Debug|Any CPU.Build.0 = Debug|Any CPU
		{C3A5D395-858B-4CB5-99F7-CE18792A5C8C}.Release|Any CPU.ActiveCfg = Release|Any CPU
		{C3A5D395-858B-4CB5-99F7-CE18792A5C8C}.Release|Any CPU.Build.0 = Release|Any CPU
		{BC0A1154-C74B-4D93-9409-EFB9164EF0A2}.Debug|Any CPU.ActiveCfg = Debug|Any CPU
		{BC0A1154-C74B-4D93-9409-EFB9164EF0A2}.Debug|Any CPU.Build.0 = Debug|Any CPU
		{BC0A1154-C74B-4D93-9409-EFB9164EF0A2}.Release|Any CPU.ActiveCfg = Release|Any CPU
		{BC0A1154-C74B-4D93-9409-EFB9164EF0A2}.Release|Any CPU.Build.0 = Release|Any CPU
		{1B176EF6-FF7B-4250-928B-C6CA1550FD77}.Debug|Any CPU.ActiveCfg = Debug|Any CPU
		{1B176EF6-FF7B-4250-928B-C6CA1550FD77}.Debug|Any CPU.Build.0 = Debug|Any CPU
		{1B176EF6-FF7B-4250-928B-C6CA1550FD77}.Release|Any CPU.ActiveCfg = Release|Any CPU
		{1B176EF6-FF7B-4250-928B-C6CA1550FD77}.Release|Any CPU.Build.0 = Release|Any CPU
		{C2A40D4A-F227-478F-A6E8-E71653812DFF}.Debug|Any CPU.ActiveCfg = Debug|Any CPU
		{C2A40D4A-F227-478F-A6E8-E71653812DFF}.Debug|Any CPU.Build.0 = Debug|Any CPU
		{C2A40D4A-F227-478F-A6E8-E71653812DFF}.Release|Any CPU.ActiveCfg = Release|Any CPU
		{C2A40D4A-F227-478F-A6E8-E71653812DFF}.Release|Any CPU.Build.0 = Release|Any CPU
		{91D7505D-9080-40EA-B289-E378C9A08A5C}.Debug|Any CPU.ActiveCfg = Debug|Any CPU
		{91D7505D-9080-40EA-B289-E378C9A08A5C}.Debug|Any CPU.Build.0 = Debug|Any CPU
		{91D7505D-9080-40EA-B289-E378C9A08A5C}.Release|Any CPU.ActiveCfg = Release|Any CPU
		{91D7505D-9080-40EA-B289-E378C9A08A5C}.Release|Any CPU.Build.0 = Release|Any CPU
		{9059679F-93DC-477C-A369-A78D66B6FAA9}.Debug|Any CPU.ActiveCfg = Debug|Any CPU
		{9059679F-93DC-477C-A369-A78D66B6FAA9}.Debug|Any CPU.Build.0 = Debug|Any CPU
		{9059679F-93DC-477C-A369-A78D66B6FAA9}.Release|Any CPU.ActiveCfg = Release|Any CPU
		{9059679F-93DC-477C-A369-A78D66B6FAA9}.Release|Any CPU.Build.0 = Release|Any CPU
		{CE24BD45-EE5E-4328-B75C-1BCA5E614477}.Debug|Any CPU.ActiveCfg = Debug|Any CPU
		{CE24BD45-EE5E-4328-B75C-1BCA5E614477}.Debug|Any CPU.Build.0 = Debug|Any CPU
		{CE24BD45-EE5E-4328-B75C-1BCA5E614477}.Release|Any CPU.ActiveCfg = Release|Any CPU
		{CE24BD45-EE5E-4328-B75C-1BCA5E614477}.Release|Any CPU.Build.0 = Release|Any CPU
		{E9C21760-3351-4F2B-BF4E-9B1938FBABE3}.Debug|Any CPU.ActiveCfg = Debug|Any CPU
		{E9C21760-3351-4F2B-BF4E-9B1938FBABE3}.Debug|Any CPU.Build.0 = Debug|Any CPU
		{E9C21760-3351-4F2B-BF4E-9B1938FBABE3}.Release|Any CPU.ActiveCfg = Release|Any CPU
		{E9C21760-3351-4F2B-BF4E-9B1938FBABE3}.Release|Any CPU.Build.0 = Release|Any CPU
		{6223464B-2C1D-4BB5-802B-E966D8E9CCF2}.Debug|Any CPU.ActiveCfg = Debug|Any CPU
		{6223464B-2C1D-4BB5-802B-E966D8E9CCF2}.Debug|Any CPU.Build.0 = Debug|Any CPU
		{6223464B-2C1D-4BB5-802B-E966D8E9CCF2}.Release|Any CPU.ActiveCfg = Release|Any CPU
		{6223464B-2C1D-4BB5-802B-E966D8E9CCF2}.Release|Any CPU.Build.0 = Release|Any CPU
		{6543661B-4ECC-48D2-ADC0-4CEF57CBD934}.Debug|Any CPU.ActiveCfg = Debug|Any CPU
		{6543661B-4ECC-48D2-ADC0-4CEF57CBD934}.Debug|Any CPU.Build.0 = Debug|Any CPU
		{6543661B-4ECC-48D2-ADC0-4CEF57CBD934}.Release|Any CPU.ActiveCfg = Release|Any CPU
		{6543661B-4ECC-48D2-ADC0-4CEF57CBD934}.Release|Any CPU.Build.0 = Release|Any CPU
		{01C7FA98-70BC-446B-8F2F-5D95F37DA1B1}.Debug|Any CPU.ActiveCfg = Debug|Any CPU
		{01C7FA98-70BC-446B-8F2F-5D95F37DA1B1}.Debug|Any CPU.Build.0 = Debug|Any CPU
		{01C7FA98-70BC-446B-8F2F-5D95F37DA1B1}.Release|Any CPU.ActiveCfg = Release|Any CPU
		{01C7FA98-70BC-446B-8F2F-5D95F37DA1B1}.Release|Any CPU.Build.0 = Release|Any CPU
		{36BECFA6-5782-4622-AF06-7388FBD12CE4}.Debug|Any CPU.ActiveCfg = Debug|Any CPU
		{36BECFA6-5782-4622-AF06-7388FBD12CE4}.Debug|Any CPU.Build.0 = Debug|Any CPU
		{36BECFA6-5782-4622-AF06-7388FBD12CE4}.Release|Any CPU.ActiveCfg = Release|Any CPU
		{36BECFA6-5782-4622-AF06-7388FBD12CE4}.Release|Any CPU.Build.0 = Release|Any CPU
		{44093764-032A-43E4-B96F-FC3B03F34DB8}.Debug|Any CPU.ActiveCfg = Debug|Any CPU
		{44093764-032A-43E4-B96F-FC3B03F34DB8}.Debug|Any CPU.Build.0 = Debug|Any CPU
		{44093764-032A-43E4-B96F-FC3B03F34DB8}.Release|Any CPU.ActiveCfg = Release|Any CPU
		{44093764-032A-43E4-B96F-FC3B03F34DB8}.Release|Any CPU.Build.0 = Release|Any CPU
		{BADE0106-0583-4654-8E26-06B69F163AB9}.Debug|Any CPU.ActiveCfg = Debug|Any CPU
		{BADE0106-0583-4654-8E26-06B69F163AB9}.Debug|Any CPU.Build.0 = Debug|Any CPU
		{BADE0106-0583-4654-8E26-06B69F163AB9}.Release|Any CPU.ActiveCfg = Release|Any CPU
		{BADE0106-0583-4654-8E26-06B69F163AB9}.Release|Any CPU.Build.0 = Release|Any CPU
		{C6A7292E-BEDD-450D-9FAC-F824C41C47A4}.Debug|Any CPU.ActiveCfg = Debug|Any CPU
		{C6A7292E-BEDD-450D-9FAC-F824C41C47A4}.Debug|Any CPU.Build.0 = Debug|Any CPU
		{C6A7292E-BEDD-450D-9FAC-F824C41C47A4}.Release|Any CPU.ActiveCfg = Release|Any CPU
		{C6A7292E-BEDD-450D-9FAC-F824C41C47A4}.Release|Any CPU.Build.0 = Release|Any CPU
		{7477CBDD-F15E-406E-8F2F-B050B7A57586}.Debug|Any CPU.ActiveCfg = Debug|Any CPU
		{7477CBDD-F15E-406E-8F2F-B050B7A57586}.Debug|Any CPU.Build.0 = Debug|Any CPU
		{7477CBDD-F15E-406E-8F2F-B050B7A57586}.Release|Any CPU.ActiveCfg = Release|Any CPU
		{7477CBDD-F15E-406E-8F2F-B050B7A57586}.Release|Any CPU.Build.0 = Release|Any CPU
		{760CBA21-E1F0-47F0-81BB-FBAC798FA1B5}.Debug|Any CPU.ActiveCfg = Debug|Any CPU
		{760CBA21-E1F0-47F0-81BB-FBAC798FA1B5}.Debug|Any CPU.Build.0 = Debug|Any CPU
		{760CBA21-E1F0-47F0-81BB-FBAC798FA1B5}.Release|Any CPU.ActiveCfg = Release|Any CPU
		{760CBA21-E1F0-47F0-81BB-FBAC798FA1B5}.Release|Any CPU.Build.0 = Release|Any CPU
		{774B8CFD-76C9-4035-BBF1-D16565EB0CAE}.Debug|Any CPU.ActiveCfg = Debug|Any CPU
		{774B8CFD-76C9-4035-BBF1-D16565EB0CAE}.Debug|Any CPU.Build.0 = Debug|Any CPU
		{774B8CFD-76C9-4035-BBF1-D16565EB0CAE}.Release|Any CPU.ActiveCfg = Release|Any CPU
		{774B8CFD-76C9-4035-BBF1-D16565EB0CAE}.Release|Any CPU.Build.0 = Release|Any CPU
		{8E59F5D0-59AF-4A38-9159-931BD90D79CF}.Debug|Any CPU.ActiveCfg = Debug|Any CPU
		{8E59F5D0-59AF-4A38-9159-931BD90D79CF}.Debug|Any CPU.Build.0 = Debug|Any CPU
		{8E59F5D0-59AF-4A38-9159-931BD90D79CF}.Release|Any CPU.ActiveCfg = Release|Any CPU
		{8E59F5D0-59AF-4A38-9159-931BD90D79CF}.Release|Any CPU.Build.0 = Release|Any CPU
		{B6C29F2F-AC42-43A5-9FAD-5CDE0908C425}.Debug|Any CPU.ActiveCfg = Debug|Any CPU
		{B6C29F2F-AC42-43A5-9FAD-5CDE0908C425}.Debug|Any CPU.Build.0 = Debug|Any CPU
		{B6C29F2F-AC42-43A5-9FAD-5CDE0908C425}.Release|Any CPU.ActiveCfg = Release|Any CPU
		{B6C29F2F-AC42-43A5-9FAD-5CDE0908C425}.Release|Any CPU.Build.0 = Release|Any CPU
		{DE180A6C-38A3-4208-8C2D-2C1B16EFE373}.Debug|Any CPU.ActiveCfg = Debug|Any CPU
		{DE180A6C-38A3-4208-8C2D-2C1B16EFE373}.Debug|Any CPU.Build.0 = Debug|Any CPU
		{DE180A6C-38A3-4208-8C2D-2C1B16EFE373}.Release|Any CPU.ActiveCfg = Release|Any CPU
		{DE180A6C-38A3-4208-8C2D-2C1B16EFE373}.Release|Any CPU.Build.0 = Release|Any CPU
		{295905FD-8ED5-4EF5-BFDC-5AC9E77E1417}.Debug|Any CPU.ActiveCfg = Debug|Any CPU
		{295905FD-8ED5-4EF5-BFDC-5AC9E77E1417}.Debug|Any CPU.Build.0 = Debug|Any CPU
		{295905FD-8ED5-4EF5-BFDC-5AC9E77E1417}.Release|Any CPU.ActiveCfg = Release|Any CPU
		{295905FD-8ED5-4EF5-BFDC-5AC9E77E1417}.Release|Any CPU.Build.0 = Release|Any CPU
		{C46E4791-1A89-45A4-979D-33345330F475}.Debug|Any CPU.ActiveCfg = Debug|Any CPU
		{C46E4791-1A89-45A4-979D-33345330F475}.Debug|Any CPU.Build.0 = Debug|Any CPU
		{C46E4791-1A89-45A4-979D-33345330F475}.Release|Any CPU.ActiveCfg = Release|Any CPU
		{C46E4791-1A89-45A4-979D-33345330F475}.Release|Any CPU.Build.0 = Release|Any CPU
		{FC6E5280-F520-4D25-AC6C-19810619A57C}.Debug|Any CPU.ActiveCfg = Debug|Any CPU
		{FC6E5280-F520-4D25-AC6C-19810619A57C}.Debug|Any CPU.Build.0 = Debug|Any CPU
		{FC6E5280-F520-4D25-AC6C-19810619A57C}.Release|Any CPU.ActiveCfg = Release|Any CPU
		{FC6E5280-F520-4D25-AC6C-19810619A57C}.Release|Any CPU.Build.0 = Release|Any CPU
		{C9880900-3E5B-436E-935C-87D7CA4E8133}.Debug|Any CPU.ActiveCfg = Debug|Any CPU
		{C9880900-3E5B-436E-935C-87D7CA4E8133}.Debug|Any CPU.Build.0 = Debug|Any CPU
		{C9880900-3E5B-436E-935C-87D7CA4E8133}.Release|Any CPU.ActiveCfg = Release|Any CPU
		{C9880900-3E5B-436E-935C-87D7CA4E8133}.Release|Any CPU.Build.0 = Release|Any CPU
		{3FA81E8F-2712-4B95-8F88-26FA0A08C7FB}.Debug|Any CPU.ActiveCfg = Debug|Any CPU
		{3FA81E8F-2712-4B95-8F88-26FA0A08C7FB}.Debug|Any CPU.Build.0 = Debug|Any CPU
		{3FA81E8F-2712-4B95-8F88-26FA0A08C7FB}.Release|Any CPU.ActiveCfg = Release|Any CPU
		{3FA81E8F-2712-4B95-8F88-26FA0A08C7FB}.Release|Any CPU.Build.0 = Release|Any CPU
		{2F947268-A3B2-47AA-A416-575984E11DA2}.Debug|Any CPU.ActiveCfg = Debug|Any CPU
		{2F947268-A3B2-47AA-A416-575984E11DA2}.Debug|Any CPU.Build.0 = Debug|Any CPU
		{2F947268-A3B2-47AA-A416-575984E11DA2}.Release|Any CPU.ActiveCfg = Release|Any CPU
		{2F947268-A3B2-47AA-A416-575984E11DA2}.Release|Any CPU.Build.0 = Release|Any CPU
		{E13DAF6C-AD0E-49F9-8EB8-1784052204D7}.Debug|Any CPU.ActiveCfg = Debug|Any CPU
		{E13DAF6C-AD0E-49F9-8EB8-1784052204D7}.Debug|Any CPU.Build.0 = Debug|Any CPU
		{E13DAF6C-AD0E-49F9-8EB8-1784052204D7}.Release|Any CPU.ActiveCfg = Release|Any CPU
		{E13DAF6C-AD0E-49F9-8EB8-1784052204D7}.Release|Any CPU.Build.0 = Release|Any CPU
		{68D1EFAD-9F15-45CB-B475-5F93927DDD3B}.Debug|Any CPU.ActiveCfg = Debug|Any CPU
		{68D1EFAD-9F15-45CB-B475-5F93927DDD3B}.Debug|Any CPU.Build.0 = Debug|Any CPU
		{68D1EFAD-9F15-45CB-B475-5F93927DDD3B}.Release|Any CPU.ActiveCfg = Release|Any CPU
		{68D1EFAD-9F15-45CB-B475-5F93927DDD3B}.Release|Any CPU.Build.0 = Release|Any CPU
		{198EB5F4-B2B2-4F03-B268-1E6F9FB8720A}.Debug|Any CPU.ActiveCfg = Debug|Any CPU
		{198EB5F4-B2B2-4F03-B268-1E6F9FB8720A}.Debug|Any CPU.Build.0 = Debug|Any CPU
		{198EB5F4-B2B2-4F03-B268-1E6F9FB8720A}.Release|Any CPU.ActiveCfg = Release|Any CPU
		{198EB5F4-B2B2-4F03-B268-1E6F9FB8720A}.Release|Any CPU.Build.0 = Release|Any CPU
		{467FD7F8-5663-4312-A00F-15F9F7822D40}.Debug|Any CPU.ActiveCfg = Debug|Any CPU
		{467FD7F8-5663-4312-A00F-15F9F7822D40}.Debug|Any CPU.Build.0 = Debug|Any CPU
		{467FD7F8-5663-4312-A00F-15F9F7822D40}.Release|Any CPU.ActiveCfg = Release|Any CPU
		{467FD7F8-5663-4312-A00F-15F9F7822D40}.Release|Any CPU.Build.0 = Release|Any CPU
		{0EF8F70C-FD27-45F7-8658-CD44EAB9253E}.Debug|Any CPU.ActiveCfg = Debug|Any CPU
		{0EF8F70C-FD27-45F7-8658-CD44EAB9253E}.Debug|Any CPU.Build.0 = Debug|Any CPU
		{0EF8F70C-FD27-45F7-8658-CD44EAB9253E}.Release|Any CPU.ActiveCfg = Release|Any CPU
		{0EF8F70C-FD27-45F7-8658-CD44EAB9253E}.Release|Any CPU.Build.0 = Release|Any CPU
		{D93478CF-7534-4B4D-8839-939E58B39BC9}.Debug|Any CPU.ActiveCfg = Debug|Any CPU
		{D93478CF-7534-4B4D-8839-939E58B39BC9}.Debug|Any CPU.Build.0 = Debug|Any CPU
		{D93478CF-7534-4B4D-8839-939E58B39BC9}.Release|Any CPU.ActiveCfg = Release|Any CPU
		{D93478CF-7534-4B4D-8839-939E58B39BC9}.Release|Any CPU.Build.0 = Release|Any CPU
		{AFE9EA82-7560-4344-A751-49B0BC7B7939}.Debug|Any CPU.ActiveCfg = Debug|Any CPU
		{AFE9EA82-7560-4344-A751-49B0BC7B7939}.Debug|Any CPU.Build.0 = Debug|Any CPU
		{AFE9EA82-7560-4344-A751-49B0BC7B7939}.Release|Any CPU.ActiveCfg = Release|Any CPU
		{AFE9EA82-7560-4344-A751-49B0BC7B7939}.Release|Any CPU.Build.0 = Release|Any CPU
		{BD407ED7-B4F0-4213-AD5E-460C429B16C3}.Debug|Any CPU.ActiveCfg = Debug|Any CPU
		{BD407ED7-B4F0-4213-AD5E-460C429B16C3}.Debug|Any CPU.Build.0 = Debug|Any CPU
		{BD407ED7-B4F0-4213-AD5E-460C429B16C3}.Release|Any CPU.ActiveCfg = Release|Any CPU
		{BD407ED7-B4F0-4213-AD5E-460C429B16C3}.Release|Any CPU.Build.0 = Release|Any CPU
		{B3D18579-5A0C-4309-9E3D-487C867F45AA}.Debug|Any CPU.ActiveCfg = Debug|Any CPU
		{B3D18579-5A0C-4309-9E3D-487C867F45AA}.Debug|Any CPU.Build.0 = Debug|Any CPU
		{B3D18579-5A0C-4309-9E3D-487C867F45AA}.Release|Any CPU.ActiveCfg = Release|Any CPU
		{B3D18579-5A0C-4309-9E3D-487C867F45AA}.Release|Any CPU.Build.0 = Release|Any CPU
		{A955C565-7DB4-40B3-B0AB-935413C56B9A}.Debug|Any CPU.ActiveCfg = Debug|Any CPU
		{A955C565-7DB4-40B3-B0AB-935413C56B9A}.Debug|Any CPU.Build.0 = Debug|Any CPU
		{A955C565-7DB4-40B3-B0AB-935413C56B9A}.Release|Any CPU.ActiveCfg = Release|Any CPU
		{A955C565-7DB4-40B3-B0AB-935413C56B9A}.Release|Any CPU.Build.0 = Release|Any CPU
		{467EB625-5192-487A-987D-BFD056DD6877}.Debug|Any CPU.ActiveCfg = Debug|Any CPU
		{467EB625-5192-487A-987D-BFD056DD6877}.Debug|Any CPU.Build.0 = Debug|Any CPU
		{467EB625-5192-487A-987D-BFD056DD6877}.Release|Any CPU.ActiveCfg = Release|Any CPU
		{467EB625-5192-487A-987D-BFD056DD6877}.Release|Any CPU.Build.0 = Release|Any CPU
		{C38A4A96-D96E-46A5-B828-AD7DD1848500}.Debug|Any CPU.ActiveCfg = Debug|Any CPU
		{C38A4A96-D96E-46A5-B828-AD7DD1848500}.Debug|Any CPU.Build.0 = Debug|Any CPU
		{C38A4A96-D96E-46A5-B828-AD7DD1848500}.Release|Any CPU.ActiveCfg = Release|Any CPU
		{C38A4A96-D96E-46A5-B828-AD7DD1848500}.Release|Any CPU.Build.0 = Release|Any CPU
		{B0C21746-7CD1-4247-A661-FB187D073869}.Debug|Any CPU.ActiveCfg = Debug|Any CPU
		{B0C21746-7CD1-4247-A661-FB187D073869}.Debug|Any CPU.Build.0 = Debug|Any CPU
		{B0C21746-7CD1-4247-A661-FB187D073869}.Release|Any CPU.ActiveCfg = Release|Any CPU
		{B0C21746-7CD1-4247-A661-FB187D073869}.Release|Any CPU.Build.0 = Release|Any CPU
		{F7A01330-0DE2-4B1C-B992-72D6E5C7D7AD}.Debug|Any CPU.ActiveCfg = Debug|Any CPU
		{F7A01330-0DE2-4B1C-B992-72D6E5C7D7AD}.Debug|Any CPU.Build.0 = Debug|Any CPU
		{F7A01330-0DE2-4B1C-B992-72D6E5C7D7AD}.Release|Any CPU.ActiveCfg = Release|Any CPU
		{F7A01330-0DE2-4B1C-B992-72D6E5C7D7AD}.Release|Any CPU.Build.0 = Release|Any CPU
		{0DCEE006-2C52-4303-8948-1D604F00A8FA}.Debug|Any CPU.ActiveCfg = Debug|Any CPU
		{0DCEE006-2C52-4303-8948-1D604F00A8FA}.Debug|Any CPU.Build.0 = Debug|Any CPU
		{0DCEE006-2C52-4303-8948-1D604F00A8FA}.Release|Any CPU.ActiveCfg = Release|Any CPU
		{0DCEE006-2C52-4303-8948-1D604F00A8FA}.Release|Any CPU.Build.0 = Release|Any CPU
		{64C577AA-539E-40C1-9FAB-85A0E3A7AD9D}.Debug|Any CPU.ActiveCfg = Debug|Any CPU
		{64C577AA-539E-40C1-9FAB-85A0E3A7AD9D}.Debug|Any CPU.Build.0 = Debug|Any CPU
		{64C577AA-539E-40C1-9FAB-85A0E3A7AD9D}.Release|Any CPU.ActiveCfg = Release|Any CPU
		{64C577AA-539E-40C1-9FAB-85A0E3A7AD9D}.Release|Any CPU.Build.0 = Release|Any CPU
		{2915054D-FEC1-4BE6-BD93-AEE078039AAA}.Debug|Any CPU.ActiveCfg = Debug|Any CPU
		{2915054D-FEC1-4BE6-BD93-AEE078039AAA}.Debug|Any CPU.Build.0 = Debug|Any CPU
		{2915054D-FEC1-4BE6-BD93-AEE078039AAA}.Release|Any CPU.ActiveCfg = Release|Any CPU
		{2915054D-FEC1-4BE6-BD93-AEE078039AAA}.Release|Any CPU.Build.0 = Release|Any CPU
		{0EED9267-4335-402E-AE91-0B2CCF070982}.Debug|Any CPU.ActiveCfg = Debug|Any CPU
		{0EED9267-4335-402E-AE91-0B2CCF070982}.Debug|Any CPU.Build.0 = Debug|Any CPU
		{0EED9267-4335-402E-AE91-0B2CCF070982}.Release|Any CPU.ActiveCfg = Release|Any CPU
		{0EED9267-4335-402E-AE91-0B2CCF070982}.Release|Any CPU.Build.0 = Release|Any CPU
		{0C86FE95-8EF1-4C72-A50B-FAD4416D6596}.Debug|Any CPU.ActiveCfg = Debug|Any CPU
		{0C86FE95-8EF1-4C72-A50B-FAD4416D6596}.Debug|Any CPU.Build.0 = Debug|Any CPU
		{0C86FE95-8EF1-4C72-A50B-FAD4416D6596}.Release|Any CPU.ActiveCfg = Release|Any CPU
		{0C86FE95-8EF1-4C72-A50B-FAD4416D6596}.Release|Any CPU.Build.0 = Release|Any CPU
		{6B94F71B-90CE-4B1B-B3F9-0655A5C901A0}.Debug|Any CPU.ActiveCfg = Debug|Any CPU
		{6B94F71B-90CE-4B1B-B3F9-0655A5C901A0}.Debug|Any CPU.Build.0 = Debug|Any CPU
		{6B94F71B-90CE-4B1B-B3F9-0655A5C901A0}.Release|Any CPU.ActiveCfg = Release|Any CPU
		{6B94F71B-90CE-4B1B-B3F9-0655A5C901A0}.Release|Any CPU.Build.0 = Release|Any CPU
		{F4278ACF-6BD8-4AB6-A226-E7ABD3508F3B}.Debug|Any CPU.ActiveCfg = Debug|Any CPU
		{F4278ACF-6BD8-4AB6-A226-E7ABD3508F3B}.Debug|Any CPU.Build.0 = Debug|Any CPU
		{F4278ACF-6BD8-4AB6-A226-E7ABD3508F3B}.Release|Any CPU.ActiveCfg = Release|Any CPU
		{F4278ACF-6BD8-4AB6-A226-E7ABD3508F3B}.Release|Any CPU.Build.0 = Release|Any CPU
		{1CEFB578-B49D-4AE6-A16F-BCBB1DED55A2}.Debug|Any CPU.ActiveCfg = Debug|Any CPU
		{1CEFB578-B49D-4AE6-A16F-BCBB1DED55A2}.Debug|Any CPU.Build.0 = Debug|Any CPU
		{1CEFB578-B49D-4AE6-A16F-BCBB1DED55A2}.Release|Any CPU.ActiveCfg = Release|Any CPU
		{1CEFB578-B49D-4AE6-A16F-BCBB1DED55A2}.Release|Any CPU.Build.0 = Release|Any CPU
		{3C5B3B09-E7B6-427A-9A71-AB99AFBC7D3B}.Debug|Any CPU.ActiveCfg = Debug|Any CPU
		{3C5B3B09-E7B6-427A-9A71-AB99AFBC7D3B}.Debug|Any CPU.Build.0 = Debug|Any CPU
		{3C5B3B09-E7B6-427A-9A71-AB99AFBC7D3B}.Release|Any CPU.ActiveCfg = Release|Any CPU
		{3C5B3B09-E7B6-427A-9A71-AB99AFBC7D3B}.Release|Any CPU.Build.0 = Release|Any CPU
		{650BC547-8754-4AAB-8EC0-F18727AF4B3E}.Debug|Any CPU.ActiveCfg = Debug|Any CPU
		{650BC547-8754-4AAB-8EC0-F18727AF4B3E}.Debug|Any CPU.Build.0 = Debug|Any CPU
		{650BC547-8754-4AAB-8EC0-F18727AF4B3E}.Release|Any CPU.ActiveCfg = Release|Any CPU
		{650BC547-8754-4AAB-8EC0-F18727AF4B3E}.Release|Any CPU.Build.0 = Release|Any CPU
		{DDAE6B5F-2E01-4454-A729-8573F6F615D6}.Debug|Any CPU.ActiveCfg = Debug|Any CPU
		{DDAE6B5F-2E01-4454-A729-8573F6F615D6}.Debug|Any CPU.Build.0 = Debug|Any CPU
		{DDAE6B5F-2E01-4454-A729-8573F6F615D6}.Release|Any CPU.ActiveCfg = Release|Any CPU
		{DDAE6B5F-2E01-4454-A729-8573F6F615D6}.Release|Any CPU.Build.0 = Release|Any CPU
		{C39ECD0D-5E67-49F8-BA32-F8AA15D87879}.Debug|Any CPU.ActiveCfg = Debug|Any CPU
		{C39ECD0D-5E67-49F8-BA32-F8AA15D87879}.Debug|Any CPU.Build.0 = Debug|Any CPU
		{C39ECD0D-5E67-49F8-BA32-F8AA15D87879}.Release|Any CPU.ActiveCfg = Release|Any CPU
		{C39ECD0D-5E67-49F8-BA32-F8AA15D87879}.Release|Any CPU.Build.0 = Release|Any CPU
		{3D0CF234-AA99-48E2-A568-D959DDA4FA9F}.Debug|Any CPU.ActiveCfg = Debug|Any CPU
		{3D0CF234-AA99-48E2-A568-D959DDA4FA9F}.Debug|Any CPU.Build.0 = Debug|Any CPU
		{3D0CF234-AA99-48E2-A568-D959DDA4FA9F}.Release|Any CPU.ActiveCfg = Release|Any CPU
		{3D0CF234-AA99-48E2-A568-D959DDA4FA9F}.Release|Any CPU.Build.0 = Release|Any CPU
		{1567A7C7-F0E1-4550-86F4-6660803C4767}.Debug|Any CPU.ActiveCfg = Debug|Any CPU
		{1567A7C7-F0E1-4550-86F4-6660803C4767}.Debug|Any CPU.Build.0 = Debug|Any CPU
		{1567A7C7-F0E1-4550-86F4-6660803C4767}.Release|Any CPU.ActiveCfg = Release|Any CPU
		{1567A7C7-F0E1-4550-86F4-6660803C4767}.Release|Any CPU.Build.0 = Release|Any CPU
		{B47121A0-AA25-4B61-AB9A-F761AD3A8359}.Debug|Any CPU.ActiveCfg = Debug|Any CPU
		{B47121A0-AA25-4B61-AB9A-F761AD3A8359}.Debug|Any CPU.Build.0 = Debug|Any CPU
		{B47121A0-AA25-4B61-AB9A-F761AD3A8359}.Release|Any CPU.ActiveCfg = Release|Any CPU
		{B47121A0-AA25-4B61-AB9A-F761AD3A8359}.Release|Any CPU.Build.0 = Release|Any CPU
		{9C8542B3-4F7A-4209-8494-0BD680A4A545}.Debug|Any CPU.ActiveCfg = Debug|Any CPU
		{9C8542B3-4F7A-4209-8494-0BD680A4A545}.Debug|Any CPU.Build.0 = Debug|Any CPU
		{9C8542B3-4F7A-4209-8494-0BD680A4A545}.Release|Any CPU.ActiveCfg = Release|Any CPU
		{9C8542B3-4F7A-4209-8494-0BD680A4A545}.Release|Any CPU.Build.0 = Release|Any CPU
		{E95DE86D-D7CE-48C5-A468-F656BFA0AF86}.Debug|Any CPU.ActiveCfg = Debug|Any CPU
		{E95DE86D-D7CE-48C5-A468-F656BFA0AF86}.Debug|Any CPU.Build.0 = Debug|Any CPU
		{E95DE86D-D7CE-48C5-A468-F656BFA0AF86}.Release|Any CPU.ActiveCfg = Release|Any CPU
		{E95DE86D-D7CE-48C5-A468-F656BFA0AF86}.Release|Any CPU.Build.0 = Release|Any CPU
		{60C27716-3600-4A9D-AA1E-7CE6F7D4458F}.Debug|Any CPU.ActiveCfg = Debug|Any CPU
		{60C27716-3600-4A9D-AA1E-7CE6F7D4458F}.Debug|Any CPU.Build.0 = Debug|Any CPU
		{60C27716-3600-4A9D-AA1E-7CE6F7D4458F}.Release|Any CPU.ActiveCfg = Release|Any CPU
		{60C27716-3600-4A9D-AA1E-7CE6F7D4458F}.Release|Any CPU.Build.0 = Release|Any CPU
		{066E8BAD-60E0-4DC4-874A-30EA8E8B73DD}.Debug|Any CPU.ActiveCfg = Debug|Any CPU
		{066E8BAD-60E0-4DC4-874A-30EA8E8B73DD}.Debug|Any CPU.Build.0 = Debug|Any CPU
		{066E8BAD-60E0-4DC4-874A-30EA8E8B73DD}.Release|Any CPU.ActiveCfg = Release|Any CPU
		{066E8BAD-60E0-4DC4-874A-30EA8E8B73DD}.Release|Any CPU.Build.0 = Release|Any CPU
		{037B5F68-5DAF-49F4-8156-6D0D7E31E1FB}.Debug|Any CPU.ActiveCfg = Debug|Any CPU
		{037B5F68-5DAF-49F4-8156-6D0D7E31E1FB}.Debug|Any CPU.Build.0 = Debug|Any CPU
		{037B5F68-5DAF-49F4-8156-6D0D7E31E1FB}.Release|Any CPU.ActiveCfg = Release|Any CPU
		{037B5F68-5DAF-49F4-8156-6D0D7E31E1FB}.Release|Any CPU.Build.0 = Release|Any CPU
		{124A0958-2A2B-47F4-9BC1-3232267550A7}.Debug|Any CPU.ActiveCfg = Debug|Any CPU
		{124A0958-2A2B-47F4-9BC1-3232267550A7}.Debug|Any CPU.Build.0 = Debug|Any CPU
		{124A0958-2A2B-47F4-9BC1-3232267550A7}.Release|Any CPU.ActiveCfg = Release|Any CPU
		{124A0958-2A2B-47F4-9BC1-3232267550A7}.Release|Any CPU.Build.0 = Release|Any CPU
		{205478EC-3B5A-432B-A887-F003B03EF1A3}.Debug|Any CPU.ActiveCfg = Debug|Any CPU
		{205478EC-3B5A-432B-A887-F003B03EF1A3}.Debug|Any CPU.Build.0 = Debug|Any CPU
		{205478EC-3B5A-432B-A887-F003B03EF1A3}.Release|Any CPU.ActiveCfg = Release|Any CPU
		{205478EC-3B5A-432B-A887-F003B03EF1A3}.Release|Any CPU.Build.0 = Release|Any CPU
		{F5C4C662-C6A3-4FC7-8809-C8F5510611E0}.Debug|Any CPU.ActiveCfg = Debug|Any CPU
		{F5C4C662-C6A3-4FC7-8809-C8F5510611E0}.Debug|Any CPU.Build.0 = Debug|Any CPU
		{F5C4C662-C6A3-4FC7-8809-C8F5510611E0}.Release|Any CPU.ActiveCfg = Release|Any CPU
		{F5C4C662-C6A3-4FC7-8809-C8F5510611E0}.Release|Any CPU.Build.0 = Release|Any CPU
		{9CD02C2D-D41A-46B6-8A97-4DD159D562ED}.Debug|Any CPU.ActiveCfg = Debug|Any CPU
		{9CD02C2D-D41A-46B6-8A97-4DD159D562ED}.Debug|Any CPU.Build.0 = Debug|Any CPU
		{9CD02C2D-D41A-46B6-8A97-4DD159D562ED}.Release|Any CPU.ActiveCfg = Release|Any CPU
		{9CD02C2D-D41A-46B6-8A97-4DD159D562ED}.Release|Any CPU.Build.0 = Release|Any CPU
		{2A976368-CCCC-4820-8762-2230169DCD9C}.Debug|Any CPU.ActiveCfg = Debug|Any CPU
		{2A976368-CCCC-4820-8762-2230169DCD9C}.Debug|Any CPU.Build.0 = Debug|Any CPU
		{2A976368-CCCC-4820-8762-2230169DCD9C}.Release|Any CPU.ActiveCfg = Release|Any CPU
		{2A976368-CCCC-4820-8762-2230169DCD9C}.Release|Any CPU.Build.0 = Release|Any CPU
		{00721317-5C6A-44A3-9489-F598BABE9FD7}.Debug|Any CPU.ActiveCfg = Debug|Any CPU
		{00721317-5C6A-44A3-9489-F598BABE9FD7}.Debug|Any CPU.Build.0 = Debug|Any CPU
		{00721317-5C6A-44A3-9489-F598BABE9FD7}.Release|Any CPU.ActiveCfg = Release|Any CPU
		{00721317-5C6A-44A3-9489-F598BABE9FD7}.Release|Any CPU.Build.0 = Release|Any CPU
		{364621FE-C671-4B2F-AA85-02DBF57D6FF6}.Debug|Any CPU.ActiveCfg = Debug|Any CPU
		{364621FE-C671-4B2F-AA85-02DBF57D6FF6}.Debug|Any CPU.Build.0 = Debug|Any CPU
		{364621FE-C671-4B2F-AA85-02DBF57D6FF6}.Release|Any CPU.ActiveCfg = Release|Any CPU
		{364621FE-C671-4B2F-AA85-02DBF57D6FF6}.Release|Any CPU.Build.0 = Release|Any CPU
		{35E8DD6F-4D47-4E24-A6AD-E5C51B496F5E}.Debug|Any CPU.ActiveCfg = Debug|Any CPU
		{35E8DD6F-4D47-4E24-A6AD-E5C51B496F5E}.Debug|Any CPU.Build.0 = Debug|Any CPU
		{35E8DD6F-4D47-4E24-A6AD-E5C51B496F5E}.Release|Any CPU.ActiveCfg = Release|Any CPU
		{35E8DD6F-4D47-4E24-A6AD-E5C51B496F5E}.Release|Any CPU.Build.0 = Release|Any CPU
		{C3625D91-4586-4202-901F-A388DD61131A}.Debug|Any CPU.ActiveCfg = Debug|Any CPU
		{C3625D91-4586-4202-901F-A388DD61131A}.Debug|Any CPU.Build.0 = Debug|Any CPU
		{C3625D91-4586-4202-901F-A388DD61131A}.Release|Any CPU.ActiveCfg = Release|Any CPU
		{C3625D91-4586-4202-901F-A388DD61131A}.Release|Any CPU.Build.0 = Release|Any CPU
		{F121E4CD-E47C-4975-97CD-7D6005C9B3FA}.Debug|Any CPU.ActiveCfg = Debug|Any CPU
		{F121E4CD-E47C-4975-97CD-7D6005C9B3FA}.Debug|Any CPU.Build.0 = Debug|Any CPU
		{F121E4CD-E47C-4975-97CD-7D6005C9B3FA}.Release|Any CPU.ActiveCfg = Release|Any CPU
		{F121E4CD-E47C-4975-97CD-7D6005C9B3FA}.Release|Any CPU.Build.0 = Release|Any CPU
		{2015DC4D-B107-4560-A0BF-4212584C54AE}.Debug|Any CPU.ActiveCfg = Debug|Any CPU
		{2015DC4D-B107-4560-A0BF-4212584C54AE}.Debug|Any CPU.Build.0 = Debug|Any CPU
		{2015DC4D-B107-4560-A0BF-4212584C54AE}.Release|Any CPU.ActiveCfg = Release|Any CPU
		{2015DC4D-B107-4560-A0BF-4212584C54AE}.Release|Any CPU.Build.0 = Release|Any CPU
		{4D936D90-171B-4C7F-923B-82BE4ACAF7C3}.Debug|Any CPU.ActiveCfg = Debug|Any CPU
		{4D936D90-171B-4C7F-923B-82BE4ACAF7C3}.Debug|Any CPU.Build.0 = Debug|Any CPU
		{4D936D90-171B-4C7F-923B-82BE4ACAF7C3}.Release|Any CPU.ActiveCfg = Release|Any CPU
		{4D936D90-171B-4C7F-923B-82BE4ACAF7C3}.Release|Any CPU.Build.0 = Release|Any CPU
		{46D219CF-FBDE-4AEF-AB97-06D076803B85}.Debug|Any CPU.ActiveCfg = Debug|Any CPU
		{46D219CF-FBDE-4AEF-AB97-06D076803B85}.Debug|Any CPU.Build.0 = Debug|Any CPU
		{46D219CF-FBDE-4AEF-AB97-06D076803B85}.Release|Any CPU.ActiveCfg = Release|Any CPU
		{46D219CF-FBDE-4AEF-AB97-06D076803B85}.Release|Any CPU.Build.0 = Release|Any CPU
		{88E52B5D-C0A5-4F82-8FA4-8D016E4B97EF}.Debug|Any CPU.ActiveCfg = Debug|Any CPU
		{88E52B5D-C0A5-4F82-8FA4-8D016E4B97EF}.Debug|Any CPU.Build.0 = Debug|Any CPU
		{88E52B5D-C0A5-4F82-8FA4-8D016E4B97EF}.Release|Any CPU.ActiveCfg = Release|Any CPU
		{88E52B5D-C0A5-4F82-8FA4-8D016E4B97EF}.Release|Any CPU.Build.0 = Release|Any CPU
		{D4D828C3-6AFA-4970-B91C-78534398BD4D}.Debug|Any CPU.ActiveCfg = Debug|Any CPU
		{D4D828C3-6AFA-4970-B91C-78534398BD4D}.Debug|Any CPU.Build.0 = Debug|Any CPU
		{D4D828C3-6AFA-4970-B91C-78534398BD4D}.Release|Any CPU.ActiveCfg = Release|Any CPU
		{D4D828C3-6AFA-4970-B91C-78534398BD4D}.Release|Any CPU.Build.0 = Release|Any CPU
		{7CA8CC46-E41F-4A12-AAF7-9AFDB7EC34D8}.Debug|Any CPU.ActiveCfg = Debug|Any CPU
		{7CA8CC46-E41F-4A12-AAF7-9AFDB7EC34D8}.Debug|Any CPU.Build.0 = Debug|Any CPU
		{7CA8CC46-E41F-4A12-AAF7-9AFDB7EC34D8}.Release|Any CPU.ActiveCfg = Release|Any CPU
		{7CA8CC46-E41F-4A12-AAF7-9AFDB7EC34D8}.Release|Any CPU.Build.0 = Release|Any CPU
		{FBED40ED-ECBA-47D3-9334-1C545AB2043E}.Debug|Any CPU.ActiveCfg = Debug|Any CPU
		{FBED40ED-ECBA-47D3-9334-1C545AB2043E}.Debug|Any CPU.Build.0 = Debug|Any CPU
		{FBED40ED-ECBA-47D3-9334-1C545AB2043E}.Release|Any CPU.ActiveCfg = Release|Any CPU
		{FBED40ED-ECBA-47D3-9334-1C545AB2043E}.Release|Any CPU.Build.0 = Release|Any CPU
		{F8D49465-9DCA-40EE-B76A-20278CFD8304}.Debug|Any CPU.ActiveCfg = Debug|Any CPU
		{F8D49465-9DCA-40EE-B76A-20278CFD8304}.Debug|Any CPU.Build.0 = Debug|Any CPU
		{F8D49465-9DCA-40EE-B76A-20278CFD8304}.Release|Any CPU.ActiveCfg = Release|Any CPU
		{F8D49465-9DCA-40EE-B76A-20278CFD8304}.Release|Any CPU.Build.0 = Release|Any CPU
		{EF4277BD-3EEF-4116-96B6-269ADC9E7B20}.Debug|Any CPU.ActiveCfg = Debug|Any CPU
		{EF4277BD-3EEF-4116-96B6-269ADC9E7B20}.Debug|Any CPU.Build.0 = Debug|Any CPU
		{EF4277BD-3EEF-4116-96B6-269ADC9E7B20}.Release|Any CPU.ActiveCfg = Release|Any CPU
		{EF4277BD-3EEF-4116-96B6-269ADC9E7B20}.Release|Any CPU.Build.0 = Release|Any CPU
		{A3B5C322-5A05-4763-B789-DA7DC46B3B0C}.Debug|Any CPU.ActiveCfg = Debug|Any CPU
		{A3B5C322-5A05-4763-B789-DA7DC46B3B0C}.Debug|Any CPU.Build.0 = Debug|Any CPU
		{A3B5C322-5A05-4763-B789-DA7DC46B3B0C}.Release|Any CPU.ActiveCfg = Release|Any CPU
		{A3B5C322-5A05-4763-B789-DA7DC46B3B0C}.Release|Any CPU.Build.0 = Release|Any CPU
		{E9211F78-8F7B-402A-86C5-DA7E3B3343F7}.Debug|Any CPU.ActiveCfg = Debug|Any CPU
		{E9211F78-8F7B-402A-86C5-DA7E3B3343F7}.Debug|Any CPU.Build.0 = Debug|Any CPU
		{E9211F78-8F7B-402A-86C5-DA7E3B3343F7}.Release|Any CPU.ActiveCfg = Release|Any CPU
		{E9211F78-8F7B-402A-86C5-DA7E3B3343F7}.Release|Any CPU.Build.0 = Release|Any CPU
		{BDC549CE-901C-49EE-9AA4-26ABE0151087}.Debug|Any CPU.ActiveCfg = Debug|Any CPU
		{BDC549CE-901C-49EE-9AA4-26ABE0151087}.Debug|Any CPU.Build.0 = Debug|Any CPU
		{BDC549CE-901C-49EE-9AA4-26ABE0151087}.Release|Any CPU.ActiveCfg = Release|Any CPU
		{BDC549CE-901C-49EE-9AA4-26ABE0151087}.Release|Any CPU.Build.0 = Release|Any CPU
		{EF92F300-66F2-4853-B2C9-E38F55E0AB05}.Debug|Any CPU.ActiveCfg = Debug|Any CPU
		{EF92F300-66F2-4853-B2C9-E38F55E0AB05}.Debug|Any CPU.Build.0 = Debug|Any CPU
		{EF92F300-66F2-4853-B2C9-E38F55E0AB05}.Release|Any CPU.ActiveCfg = Release|Any CPU
		{EF92F300-66F2-4853-B2C9-E38F55E0AB05}.Release|Any CPU.Build.0 = Release|Any CPU
		{BC2EDF5E-D579-4385-8B73-CB77E7AE09F1}.Debug|Any CPU.ActiveCfg = Debug|Any CPU
		{BC2EDF5E-D579-4385-8B73-CB77E7AE09F1}.Debug|Any CPU.Build.0 = Debug|Any CPU
		{BC2EDF5E-D579-4385-8B73-CB77E7AE09F1}.Release|Any CPU.ActiveCfg = Release|Any CPU
		{BC2EDF5E-D579-4385-8B73-CB77E7AE09F1}.Release|Any CPU.Build.0 = Release|Any CPU
		{8D8773EF-4307-4D8F-B736-8AAAD35B896B}.Debug|Any CPU.ActiveCfg = Debug|Any CPU
		{8D8773EF-4307-4D8F-B736-8AAAD35B896B}.Debug|Any CPU.Build.0 = Debug|Any CPU
		{8D8773EF-4307-4D8F-B736-8AAAD35B896B}.Release|Any CPU.ActiveCfg = Release|Any CPU
		{8D8773EF-4307-4D8F-B736-8AAAD35B896B}.Release|Any CPU.Build.0 = Release|Any CPU
		{AEB095A1-F0FC-4A44-AB1B-92C9640844C8}.Debug|Any CPU.ActiveCfg = Debug|Any CPU
		{AEB095A1-F0FC-4A44-AB1B-92C9640844C8}.Debug|Any CPU.Build.0 = Debug|Any CPU
		{AEB095A1-F0FC-4A44-AB1B-92C9640844C8}.Release|Any CPU.ActiveCfg = Release|Any CPU
		{AEB095A1-F0FC-4A44-AB1B-92C9640844C8}.Release|Any CPU.Build.0 = Release|Any CPU
		{88CD6A0E-C0FF-44C6-9567-2BA822B9F739}.Debug|Any CPU.ActiveCfg = Debug|Any CPU
		{88CD6A0E-C0FF-44C6-9567-2BA822B9F739}.Debug|Any CPU.Build.0 = Debug|Any CPU
		{88CD6A0E-C0FF-44C6-9567-2BA822B9F739}.Release|Any CPU.ActiveCfg = Release|Any CPU
		{88CD6A0E-C0FF-44C6-9567-2BA822B9F739}.Release|Any CPU.Build.0 = Release|Any CPU
		{5C9FA34B-8978-4240-AF4A-E3E2CA91AFCC}.Debug|Any CPU.ActiveCfg = Debug|Any CPU
		{5C9FA34B-8978-4240-AF4A-E3E2CA91AFCC}.Debug|Any CPU.Build.0 = Debug|Any CPU
		{5C9FA34B-8978-4240-AF4A-E3E2CA91AFCC}.Release|Any CPU.ActiveCfg = Release|Any CPU
		{5C9FA34B-8978-4240-AF4A-E3E2CA91AFCC}.Release|Any CPU.Build.0 = Release|Any CPU
		{352D8E2B-8078-427D-A787-1166948AFC84}.Debug|Any CPU.ActiveCfg = Debug|Any CPU
		{352D8E2B-8078-427D-A787-1166948AFC84}.Debug|Any CPU.Build.0 = Debug|Any CPU
		{352D8E2B-8078-427D-A787-1166948AFC84}.Release|Any CPU.ActiveCfg = Release|Any CPU
		{352D8E2B-8078-427D-A787-1166948AFC84}.Release|Any CPU.Build.0 = Release|Any CPU
		{1006E6A1-501B-4A2C-BFB5-2B93A4A4EFC6}.Debug|Any CPU.ActiveCfg = Debug|Any CPU
		{1006E6A1-501B-4A2C-BFB5-2B93A4A4EFC6}.Debug|Any CPU.Build.0 = Debug|Any CPU
		{1006E6A1-501B-4A2C-BFB5-2B93A4A4EFC6}.Release|Any CPU.ActiveCfg = Release|Any CPU
		{1006E6A1-501B-4A2C-BFB5-2B93A4A4EFC6}.Release|Any CPU.Build.0 = Release|Any CPU
		{C56390C9-107F-4F01-B906-DB15C7645C1D}.Debug|Any CPU.ActiveCfg = Debug|Any CPU
		{C56390C9-107F-4F01-B906-DB15C7645C1D}.Debug|Any CPU.Build.0 = Debug|Any CPU
		{C56390C9-107F-4F01-B906-DB15C7645C1D}.Release|Any CPU.ActiveCfg = Release|Any CPU
		{C56390C9-107F-4F01-B906-DB15C7645C1D}.Release|Any CPU.Build.0 = Release|Any CPU
		{6FE6530E-843F-494B-9D61-5C0DDF388911}.Debug|Any CPU.ActiveCfg = Debug|Any CPU
		{6FE6530E-843F-494B-9D61-5C0DDF388911}.Debug|Any CPU.Build.0 = Debug|Any CPU
		{6FE6530E-843F-494B-9D61-5C0DDF388911}.Release|Any CPU.ActiveCfg = Release|Any CPU
		{6FE6530E-843F-494B-9D61-5C0DDF388911}.Release|Any CPU.Build.0 = Release|Any CPU
		{49E795DA-3F14-4A46-86CA-4C84CB2780BE}.Debug|Any CPU.ActiveCfg = Debug|Any CPU
		{49E795DA-3F14-4A46-86CA-4C84CB2780BE}.Debug|Any CPU.Build.0 = Debug|Any CPU
		{49E795DA-3F14-4A46-86CA-4C84CB2780BE}.Release|Any CPU.ActiveCfg = Release|Any CPU
		{49E795DA-3F14-4A46-86CA-4C84CB2780BE}.Release|Any CPU.Build.0 = Release|Any CPU
		{00A45C09-AC99-41D3-B6C3-9E8A5FA8C7A3}.Debug|Any CPU.ActiveCfg = Debug|Any CPU
		{00A45C09-AC99-41D3-B6C3-9E8A5FA8C7A3}.Debug|Any CPU.Build.0 = Debug|Any CPU
		{00A45C09-AC99-41D3-B6C3-9E8A5FA8C7A3}.Release|Any CPU.ActiveCfg = Release|Any CPU
		{00A45C09-AC99-41D3-B6C3-9E8A5FA8C7A3}.Release|Any CPU.Build.0 = Release|Any CPU
		{28929AEC-F58D-4899-9A87-4609BD92A714}.Debug|Any CPU.ActiveCfg = Debug|Any CPU
		{28929AEC-F58D-4899-9A87-4609BD92A714}.Debug|Any CPU.Build.0 = Debug|Any CPU
		{28929AEC-F58D-4899-9A87-4609BD92A714}.Release|Any CPU.ActiveCfg = Release|Any CPU
		{28929AEC-F58D-4899-9A87-4609BD92A714}.Release|Any CPU.Build.0 = Release|Any CPU
		{AC3D73B8-CF17-43F0-86CB-37EFD4950F61}.Debug|Any CPU.ActiveCfg = Debug|Any CPU
		{AC3D73B8-CF17-43F0-86CB-37EFD4950F61}.Debug|Any CPU.Build.0 = Debug|Any CPU
		{AC3D73B8-CF17-43F0-86CB-37EFD4950F61}.Release|Any CPU.ActiveCfg = Release|Any CPU
		{AC3D73B8-CF17-43F0-86CB-37EFD4950F61}.Release|Any CPU.Build.0 = Release|Any CPU
		{DAC95E6D-0C30-49D7-B106-648B0F8B7F7E}.Debug|Any CPU.ActiveCfg = Debug|Any CPU
		{DAC95E6D-0C30-49D7-B106-648B0F8B7F7E}.Debug|Any CPU.Build.0 = Debug|Any CPU
		{DAC95E6D-0C30-49D7-B106-648B0F8B7F7E}.Release|Any CPU.ActiveCfg = Release|Any CPU
		{DAC95E6D-0C30-49D7-B106-648B0F8B7F7E}.Release|Any CPU.Build.0 = Release|Any CPU
		{4D979331-BEBD-4F63-99F8-7E9BC1E80F2A}.Debug|Any CPU.ActiveCfg = Debug|Any CPU
		{4D979331-BEBD-4F63-99F8-7E9BC1E80F2A}.Debug|Any CPU.Build.0 = Debug|Any CPU
		{4D979331-BEBD-4F63-99F8-7E9BC1E80F2A}.Release|Any CPU.ActiveCfg = Release|Any CPU
		{4D979331-BEBD-4F63-99F8-7E9BC1E80F2A}.Release|Any CPU.Build.0 = Release|Any CPU
		{EFF3168F-D2DF-4B63-8A49-564FF9221547}.Debug|Any CPU.ActiveCfg = Debug|Any CPU
		{EFF3168F-D2DF-4B63-8A49-564FF9221547}.Debug|Any CPU.Build.0 = Debug|Any CPU
		{EFF3168F-D2DF-4B63-8A49-564FF9221547}.Release|Any CPU.ActiveCfg = Release|Any CPU
		{EFF3168F-D2DF-4B63-8A49-564FF9221547}.Release|Any CPU.Build.0 = Release|Any CPU
		{4607F542-CA82-4DD1-AC5E-B0C0597D5931}.Debug|Any CPU.ActiveCfg = Debug|Any CPU
		{4607F542-CA82-4DD1-AC5E-B0C0597D5931}.Debug|Any CPU.Build.0 = Debug|Any CPU
		{4607F542-CA82-4DD1-AC5E-B0C0597D5931}.Release|Any CPU.ActiveCfg = Release|Any CPU
		{4607F542-CA82-4DD1-AC5E-B0C0597D5931}.Release|Any CPU.Build.0 = Release|Any CPU
		{AEF976F5-9223-4C68-84FB-3598726234C2}.Debug|Any CPU.ActiveCfg = Debug|Any CPU
		{AEF976F5-9223-4C68-84FB-3598726234C2}.Debug|Any CPU.Build.0 = Debug|Any CPU
		{AEF976F5-9223-4C68-84FB-3598726234C2}.Release|Any CPU.ActiveCfg = Release|Any CPU
		{AEF976F5-9223-4C68-84FB-3598726234C2}.Release|Any CPU.Build.0 = Release|Any CPU
		{26E4AE96-9BA9-4665-AABE-6C67FC17237F}.Debug|Any CPU.ActiveCfg = Debug|Any CPU
		{26E4AE96-9BA9-4665-AABE-6C67FC17237F}.Debug|Any CPU.Build.0 = Debug|Any CPU
		{26E4AE96-9BA9-4665-AABE-6C67FC17237F}.Release|Any CPU.ActiveCfg = Release|Any CPU
		{26E4AE96-9BA9-4665-AABE-6C67FC17237F}.Release|Any CPU.Build.0 = Release|Any CPU
		{676A3C02-279E-4963-A83A-0F98F88886C5}.Debug|Any CPU.ActiveCfg = Debug|Any CPU
		{676A3C02-279E-4963-A83A-0F98F88886C5}.Debug|Any CPU.Build.0 = Debug|Any CPU
		{676A3C02-279E-4963-A83A-0F98F88886C5}.Release|Any CPU.ActiveCfg = Release|Any CPU
		{676A3C02-279E-4963-A83A-0F98F88886C5}.Release|Any CPU.Build.0 = Release|Any CPU
		{CA4EC936-A61C-4F89-9472-91718341A225}.Debug|Any CPU.ActiveCfg = Debug|Any CPU
		{CA4EC936-A61C-4F89-9472-91718341A225}.Debug|Any CPU.Build.0 = Debug|Any CPU
		{CA4EC936-A61C-4F89-9472-91718341A225}.Release|Any CPU.ActiveCfg = Release|Any CPU
		{CA4EC936-A61C-4F89-9472-91718341A225}.Release|Any CPU.Build.0 = Release|Any CPU
		{9532029A-C85B-49BF-BE26-01891374151A}.Debug|Any CPU.ActiveCfg = Debug|Any CPU
		{9532029A-C85B-49BF-BE26-01891374151A}.Debug|Any CPU.Build.0 = Debug|Any CPU
		{9532029A-C85B-49BF-BE26-01891374151A}.Release|Any CPU.ActiveCfg = Release|Any CPU
		{9532029A-C85B-49BF-BE26-01891374151A}.Release|Any CPU.Build.0 = Release|Any CPU
		{FD6735E8-CF8B-4B2B-BC3C-A1A327A365E9}.Debug|Any CPU.ActiveCfg = Debug|Any CPU
		{FD6735E8-CF8B-4B2B-BC3C-A1A327A365E9}.Debug|Any CPU.Build.0 = Debug|Any CPU
		{FD6735E8-CF8B-4B2B-BC3C-A1A327A365E9}.Release|Any CPU.ActiveCfg = Release|Any CPU
		{FD6735E8-CF8B-4B2B-BC3C-A1A327A365E9}.Release|Any CPU.Build.0 = Release|Any CPU
		{129DFE4B-F982-42B3-812C-B9C4B24E2272}.Debug|Any CPU.ActiveCfg = Debug|Any CPU
		{129DFE4B-F982-42B3-812C-B9C4B24E2272}.Debug|Any CPU.Build.0 = Debug|Any CPU
		{129DFE4B-F982-42B3-812C-B9C4B24E2272}.Release|Any CPU.ActiveCfg = Release|Any CPU
		{129DFE4B-F982-42B3-812C-B9C4B24E2272}.Release|Any CPU.Build.0 = Release|Any CPU
		{C78DDC08-767C-4802-8957-5B7F6F8F6370}.Debug|Any CPU.ActiveCfg = Debug|Any CPU
		{C78DDC08-767C-4802-8957-5B7F6F8F6370}.Debug|Any CPU.Build.0 = Debug|Any CPU
		{C78DDC08-767C-4802-8957-5B7F6F8F6370}.Release|Any CPU.ActiveCfg = Release|Any CPU
		{C78DDC08-767C-4802-8957-5B7F6F8F6370}.Release|Any CPU.Build.0 = Release|Any CPU
		{72F21EC2-A507-4B02-89F9-CFE2E6DAC58D}.Debug|Any CPU.ActiveCfg = Debug|Any CPU
		{72F21EC2-A507-4B02-89F9-CFE2E6DAC58D}.Debug|Any CPU.Build.0 = Debug|Any CPU
		{72F21EC2-A507-4B02-89F9-CFE2E6DAC58D}.Release|Any CPU.ActiveCfg = Release|Any CPU
		{72F21EC2-A507-4B02-89F9-CFE2E6DAC58D}.Release|Any CPU.Build.0 = Release|Any CPU
		{623757C4-FE40-4083-AC6C-A8FDC46589FB}.Debug|Any CPU.ActiveCfg = Debug|Any CPU
		{623757C4-FE40-4083-AC6C-A8FDC46589FB}.Debug|Any CPU.Build.0 = Debug|Any CPU
		{623757C4-FE40-4083-AC6C-A8FDC46589FB}.Release|Any CPU.ActiveCfg = Release|Any CPU
		{623757C4-FE40-4083-AC6C-A8FDC46589FB}.Release|Any CPU.Build.0 = Release|Any CPU
		{201D5A8E-1DF3-4FAA-BB77-B0944E7C1C9A}.Debug|Any CPU.ActiveCfg = Debug|Any CPU
		{201D5A8E-1DF3-4FAA-BB77-B0944E7C1C9A}.Debug|Any CPU.Build.0 = Debug|Any CPU
		{201D5A8E-1DF3-4FAA-BB77-B0944E7C1C9A}.Release|Any CPU.ActiveCfg = Release|Any CPU
		{201D5A8E-1DF3-4FAA-BB77-B0944E7C1C9A}.Release|Any CPU.Build.0 = Release|Any CPU
		{160A9ACC-3E7D-4568-ADDA-5BE53003C816}.Debug|Any CPU.ActiveCfg = Debug|Any CPU
		{160A9ACC-3E7D-4568-ADDA-5BE53003C816}.Debug|Any CPU.Build.0 = Debug|Any CPU
		{160A9ACC-3E7D-4568-ADDA-5BE53003C816}.Release|Any CPU.ActiveCfg = Release|Any CPU
		{160A9ACC-3E7D-4568-ADDA-5BE53003C816}.Release|Any CPU.Build.0 = Release|Any CPU
		{A3586589-F3DE-4AA7-B958-3AB2E4DDC2EB}.Debug|Any CPU.ActiveCfg = Debug|Any CPU
		{A3586589-F3DE-4AA7-B958-3AB2E4DDC2EB}.Debug|Any CPU.Build.0 = Debug|Any CPU
		{A3586589-F3DE-4AA7-B958-3AB2E4DDC2EB}.Release|Any CPU.ActiveCfg = Release|Any CPU
		{A3586589-F3DE-4AA7-B958-3AB2E4DDC2EB}.Release|Any CPU.Build.0 = Release|Any CPU
		{E639105A-B3A7-4AF3-9F82-DFC401D6C3AD}.Debug|Any CPU.ActiveCfg = Debug|Any CPU
		{E639105A-B3A7-4AF3-9F82-DFC401D6C3AD}.Debug|Any CPU.Build.0 = Debug|Any CPU
		{E639105A-B3A7-4AF3-9F82-DFC401D6C3AD}.Release|Any CPU.ActiveCfg = Release|Any CPU
		{E639105A-B3A7-4AF3-9F82-DFC401D6C3AD}.Release|Any CPU.Build.0 = Release|Any CPU
		{16B8EFE5-DB0D-4181-B0D8-DC2FFA96FFC2}.Debug|Any CPU.ActiveCfg = Debug|Any CPU
		{16B8EFE5-DB0D-4181-B0D8-DC2FFA96FFC2}.Debug|Any CPU.Build.0 = Debug|Any CPU
		{16B8EFE5-DB0D-4181-B0D8-DC2FFA96FFC2}.Release|Any CPU.ActiveCfg = Release|Any CPU
		{16B8EFE5-DB0D-4181-B0D8-DC2FFA96FFC2}.Release|Any CPU.Build.0 = Release|Any CPU
		{7A7E21B9-E489-4008-93CC-5BBE5CF575F4}.Debug|Any CPU.ActiveCfg = Debug|Any CPU
		{7A7E21B9-E489-4008-93CC-5BBE5CF575F4}.Debug|Any CPU.Build.0 = Debug|Any CPU
		{7A7E21B9-E489-4008-93CC-5BBE5CF575F4}.Release|Any CPU.ActiveCfg = Release|Any CPU
		{7A7E21B9-E489-4008-93CC-5BBE5CF575F4}.Release|Any CPU.Build.0 = Release|Any CPU
		{B043EC22-C98E-440A-B8EB-EEFD8DD3D235}.Debug|Any CPU.ActiveCfg = Debug|Any CPU
		{B043EC22-C98E-440A-B8EB-EEFD8DD3D235}.Debug|Any CPU.Build.0 = Debug|Any CPU
		{B043EC22-C98E-440A-B8EB-EEFD8DD3D235}.Release|Any CPU.ActiveCfg = Release|Any CPU
		{B043EC22-C98E-440A-B8EB-EEFD8DD3D235}.Release|Any CPU.Build.0 = Release|Any CPU
		{6B8216CA-19C1-4F0A-98EF-90A6ACA1CFA8}.Debug|Any CPU.ActiveCfg = Debug|Any CPU
		{6B8216CA-19C1-4F0A-98EF-90A6ACA1CFA8}.Debug|Any CPU.Build.0 = Debug|Any CPU
		{6B8216CA-19C1-4F0A-98EF-90A6ACA1CFA8}.Release|Any CPU.ActiveCfg = Release|Any CPU
		{6B8216CA-19C1-4F0A-98EF-90A6ACA1CFA8}.Release|Any CPU.Build.0 = Release|Any CPU
		{BBD6E2B7-8D9D-485A-88EF-1A3CC21135EE}.Debug|Any CPU.ActiveCfg = Debug|Any CPU
		{BBD6E2B7-8D9D-485A-88EF-1A3CC21135EE}.Debug|Any CPU.Build.0 = Debug|Any CPU
		{BBD6E2B7-8D9D-485A-88EF-1A3CC21135EE}.Release|Any CPU.ActiveCfg = Release|Any CPU
		{BBD6E2B7-8D9D-485A-88EF-1A3CC21135EE}.Release|Any CPU.Build.0 = Release|Any CPU
		{1AF3EA93-4EC0-44F0-BC8F-EF7310FCACA8}.Debug|Any CPU.ActiveCfg = Debug|Any CPU
		{1AF3EA93-4EC0-44F0-BC8F-EF7310FCACA8}.Debug|Any CPU.Build.0 = Debug|Any CPU
		{1AF3EA93-4EC0-44F0-BC8F-EF7310FCACA8}.Release|Any CPU.ActiveCfg = Release|Any CPU
		{1AF3EA93-4EC0-44F0-BC8F-EF7310FCACA8}.Release|Any CPU.Build.0 = Release|Any CPU
		{02A84F83-09F2-45F1-8D89-A1BB6B39AC78}.Debug|Any CPU.ActiveCfg = Debug|Any CPU
		{02A84F83-09F2-45F1-8D89-A1BB6B39AC78}.Debug|Any CPU.Build.0 = Debug|Any CPU
		{02A84F83-09F2-45F1-8D89-A1BB6B39AC78}.Release|Any CPU.ActiveCfg = Release|Any CPU
		{02A84F83-09F2-45F1-8D89-A1BB6B39AC78}.Release|Any CPU.Build.0 = Release|Any CPU
		{DFE98072-416C-4620-A561-DCDC67D915E8}.Debug|Any CPU.ActiveCfg = Debug|Any CPU
		{DFE98072-416C-4620-A561-DCDC67D915E8}.Debug|Any CPU.Build.0 = Debug|Any CPU
		{DFE98072-416C-4620-A561-DCDC67D915E8}.Release|Any CPU.ActiveCfg = Release|Any CPU
		{DFE98072-416C-4620-A561-DCDC67D915E8}.Release|Any CPU.Build.0 = Release|Any CPU
		{B47243F6-54B1-4921-A87E-1CC7E3947061}.Debug|Any CPU.ActiveCfg = Debug|Any CPU
		{B47243F6-54B1-4921-A87E-1CC7E3947061}.Debug|Any CPU.Build.0 = Debug|Any CPU
		{B47243F6-54B1-4921-A87E-1CC7E3947061}.Release|Any CPU.ActiveCfg = Release|Any CPU
		{B47243F6-54B1-4921-A87E-1CC7E3947061}.Release|Any CPU.Build.0 = Release|Any CPU
		{C54F726C-7B02-4496-9C2B-F752D90AAFC1}.Debug|Any CPU.ActiveCfg = Debug|Any CPU
		{C54F726C-7B02-4496-9C2B-F752D90AAFC1}.Debug|Any CPU.Build.0 = Debug|Any CPU
		{C54F726C-7B02-4496-9C2B-F752D90AAFC1}.Release|Any CPU.ActiveCfg = Release|Any CPU
		{C54F726C-7B02-4496-9C2B-F752D90AAFC1}.Release|Any CPU.Build.0 = Release|Any CPU
		{92F39374-82C1-4BA7-8B05-65BDAEBC9942}.Debug|Any CPU.ActiveCfg = Debug|Any CPU
		{92F39374-82C1-4BA7-8B05-65BDAEBC9942}.Debug|Any CPU.Build.0 = Debug|Any CPU
		{92F39374-82C1-4BA7-8B05-65BDAEBC9942}.Release|Any CPU.ActiveCfg = Release|Any CPU
		{92F39374-82C1-4BA7-8B05-65BDAEBC9942}.Release|Any CPU.Build.0 = Release|Any CPU
		{5D81FB19-E438-406E-AE55-B21DCC8B7870}.Debug|Any CPU.ActiveCfg = Debug|Any CPU
		{5D81FB19-E438-406E-AE55-B21DCC8B7870}.Debug|Any CPU.Build.0 = Debug|Any CPU
		{5D81FB19-E438-406E-AE55-B21DCC8B7870}.Release|Any CPU.ActiveCfg = Release|Any CPU
		{5D81FB19-E438-406E-AE55-B21DCC8B7870}.Release|Any CPU.Build.0 = Release|Any CPU
		{26B6CCD3-AC4A-4086-A521-B3B9BFB14190}.Debug|Any CPU.ActiveCfg = Debug|Any CPU
		{26B6CCD3-AC4A-4086-A521-B3B9BFB14190}.Debug|Any CPU.Build.0 = Debug|Any CPU
		{26B6CCD3-AC4A-4086-A521-B3B9BFB14190}.Release|Any CPU.ActiveCfg = Release|Any CPU
		{26B6CCD3-AC4A-4086-A521-B3B9BFB14190}.Release|Any CPU.Build.0 = Release|Any CPU
		{F7B4DD96-F0A7-4E98-AEAB-8022FB3A1738}.Debug|Any CPU.ActiveCfg = Debug|Any CPU
		{F7B4DD96-F0A7-4E98-AEAB-8022FB3A1738}.Debug|Any CPU.Build.0 = Debug|Any CPU
		{F7B4DD96-F0A7-4E98-AEAB-8022FB3A1738}.Release|Any CPU.ActiveCfg = Release|Any CPU
		{F7B4DD96-F0A7-4E98-AEAB-8022FB3A1738}.Release|Any CPU.Build.0 = Release|Any CPU
		{2814DCD8-B2CF-487F-818B-562F05C6502B}.Debug|Any CPU.ActiveCfg = Debug|Any CPU
		{2814DCD8-B2CF-487F-818B-562F05C6502B}.Debug|Any CPU.Build.0 = Debug|Any CPU
		{2814DCD8-B2CF-487F-818B-562F05C6502B}.Release|Any CPU.ActiveCfg = Release|Any CPU
		{2814DCD8-B2CF-487F-818B-562F05C6502B}.Release|Any CPU.Build.0 = Release|Any CPU
		{11D0A924-CA27-420E-93F7-F6461EAAB9B9}.Debug|Any CPU.ActiveCfg = Debug|Any CPU
		{11D0A924-CA27-420E-93F7-F6461EAAB9B9}.Debug|Any CPU.Build.0 = Debug|Any CPU
		{11D0A924-CA27-420E-93F7-F6461EAAB9B9}.Release|Any CPU.ActiveCfg = Release|Any CPU
		{11D0A924-CA27-420E-93F7-F6461EAAB9B9}.Release|Any CPU.Build.0 = Release|Any CPU
		{50752CD0-36CE-4E4D-96D5-EC843FB321DE}.Debug|Any CPU.ActiveCfg = Debug|Any CPU
		{50752CD0-36CE-4E4D-96D5-EC843FB321DE}.Debug|Any CPU.Build.0 = Debug|Any CPU
		{50752CD0-36CE-4E4D-96D5-EC843FB321DE}.Release|Any CPU.ActiveCfg = Release|Any CPU
		{50752CD0-36CE-4E4D-96D5-EC843FB321DE}.Release|Any CPU.Build.0 = Release|Any CPU
		{9100CD55-4CA9-46CE-94EC-335B406D87F3}.Debug|Any CPU.ActiveCfg = Debug|Any CPU
		{9100CD55-4CA9-46CE-94EC-335B406D87F3}.Debug|Any CPU.Build.0 = Debug|Any CPU
		{9100CD55-4CA9-46CE-94EC-335B406D87F3}.Release|Any CPU.ActiveCfg = Release|Any CPU
		{9100CD55-4CA9-46CE-94EC-335B406D87F3}.Release|Any CPU.Build.0 = Release|Any CPU
		{0DBD9B27-916E-43A4-860A-0F26C63356E4}.Debug|Any CPU.ActiveCfg = Debug|Any CPU
		{0DBD9B27-916E-43A4-860A-0F26C63356E4}.Debug|Any CPU.Build.0 = Debug|Any CPU
		{0DBD9B27-916E-43A4-860A-0F26C63356E4}.Release|Any CPU.ActiveCfg = Release|Any CPU
		{0DBD9B27-916E-43A4-860A-0F26C63356E4}.Release|Any CPU.Build.0 = Release|Any CPU
		{DF283A74-192C-4208-BD43-C9584AB0AFD2}.Debug|Any CPU.ActiveCfg = Debug|Any CPU
		{DF283A74-192C-4208-BD43-C9584AB0AFD2}.Debug|Any CPU.Build.0 = Debug|Any CPU
		{DF283A74-192C-4208-BD43-C9584AB0AFD2}.Release|Any CPU.ActiveCfg = Release|Any CPU
		{DF283A74-192C-4208-BD43-C9584AB0AFD2}.Release|Any CPU.Build.0 = Release|Any CPU
		{9398F1B5-0B47-4575-A3BC-48AEEDEC73DC}.Debug|Any CPU.ActiveCfg = Debug|Any CPU
		{9398F1B5-0B47-4575-A3BC-48AEEDEC73DC}.Debug|Any CPU.Build.0 = Debug|Any CPU
		{9398F1B5-0B47-4575-A3BC-48AEEDEC73DC}.Release|Any CPU.ActiveCfg = Release|Any CPU
		{9398F1B5-0B47-4575-A3BC-48AEEDEC73DC}.Release|Any CPU.Build.0 = Release|Any CPU
	EndGlobalSection
	GlobalSection(SolutionProperties) = preSolution
		HideSolutionNode = FALSE
	EndGlobalSection
	GlobalSection(ExtensibilityGlobals) = postSolution
		SolutionGuid = {D1E5D2F8-47FF-4E13-9691-ABBED00B8F25}
	EndGlobalSection
EndGlobal
